// !$*UTF8*$!
{
	archiveVersion = 1;
	classes = {
	};
	objectVersion = 56;
	objects = {

/* Begin PBXBuildFile section */
		111A5E022F64641D006E7013 /* WatchConnectivityService.swift in Sources */ = {isa = PBXBuildFile; fileRef = 111A5E012F64641D006E7013 /* WatchConnectivityService.swift */; };
		A10000010000000000000001 /* FitTrackerApp.swift in Sources */ = {isa = PBXBuildFile; fileRef = A20000010000000000000001 /* FitTrackerApp.swift */; };
		A10000010000000000000002 /* DomainModels.swift in Sources */ = {isa = PBXBuildFile; fileRef = A20000010000000000000002 /* DomainModels.swift */; };
		A10000010000000000000003 /* TrainingProgramData.swift in Sources */ = {isa = PBXBuildFile; fileRef = A20000010000000000000003 /* TrainingProgramData.swift */; };
		A10000010000000000000004 /* AuthManager.swift in Sources */ = {isa = PBXBuildFile; fileRef = A20000010000000000000004 /* AuthManager.swift */; };
		A10000010000000000000005 /* SignInService.swift in Sources */ = {isa = PBXBuildFile; fileRef = A20000010000000000000005 /* SignInService.swift */; };
		A10000010000000000000006 /* HealthKitService.swift in Sources */ = {isa = PBXBuildFile; fileRef = A20000010000000000000006 /* HealthKitService.swift */; };
		A10000010000000000000007 /* CloudKitSyncService.swift in Sources */ = {isa = PBXBuildFile; fileRef = A20000010000000000000007 /* CloudKitSyncService.swift */; };
		A10000010000000000000008 /* AppSettings.swift in Sources */ = {isa = PBXBuildFile; fileRef = A20000010000000000000008 /* AppSettings.swift */; };
		A10000010000000000000009 /* EncryptionService.swift in Sources */ = {isa = PBXBuildFile; fileRef = A20000010000000000000009 /* EncryptionService.swift */; };
		A1000001000000000000000A /* RootTabView.swift in Sources */ = {isa = PBXBuildFile; fileRef = A2000001000000000000000A /* RootTabView.swift */; };
		A1000001000000000000000B /* MainScreenView.swift in Sources */ = {isa = PBXBuildFile; fileRef = A2000001000000000000000B /* MainScreenView.swift */; };
		A1000001000000000000000C /* NutritionView.swift in Sources */ = {isa = PBXBuildFile; fileRef = A2000001000000000000000C /* NutritionView.swift */; };
		A1000001000000000000000D /* TrainingPlanView.swift in Sources */ = {isa = PBXBuildFile; fileRef = A2000001000000000000000D /* TrainingPlanView.swift */; };
		A1000001000000000000000E /* StatsView.swift in Sources */ = {isa = PBXBuildFile; fileRef = A2000001000000000000000E /* StatsView.swift */; };
		A1000001000000000000000F /* AccountPanelView.swift in Sources */ = {isa = PBXBuildFile; fileRef = A2000001000000000000000F /* AccountPanelView.swift */; };
		A10000010000000000000010 /* SignInView.swift in Sources */ = {isa = PBXBuildFile; fileRef = A20000010000000000000010 /* SignInView.swift */; };
		A10000010000000000000011 /* WelcomeView.swift in Sources */ = {isa = PBXBuildFile; fileRef = A20000010000000000000011 /* WelcomeView.swift */; };
/* End PBXBuildFile section */

/* Begin PBXFileReference section */
		111A5E012F64641D006E7013 /* WatchConnectivityService.swift */ = {isa = PBXFileReference; lastKnownFileType = sourcecode.swift; path = WatchConnectivityService.swift; sourceTree = "<group>"; };
		A20000010000000000000001 /* FitTrackerApp.swift */ = {isa = PBXFileReference; lastKnownFileType = sourcecode.swift; path = FitTrackerApp.swift; sourceTree = "<group>"; };
		A20000010000000000000002 /* DomainModels.swift */ = {isa = PBXFileReference; lastKnownFileType = sourcecode.swift; path = DomainModels.swift; sourceTree = "<group>"; };
		A20000010000000000000003 /* TrainingProgramData.swift */ = {isa = PBXFileReference; lastKnownFileType = sourcecode.swift; path = TrainingProgramData.swift; sourceTree = "<group>"; };
		A20000010000000000000004 /* AuthManager.swift */ = {isa = PBXFileReference; lastKnownFileType = sourcecode.swift; path = AuthManager.swift; sourceTree = "<group>"; };
		A20000010000000000000005 /* SignInService.swift */ = {isa = PBXFileReference; lastKnownFileType = sourcecode.swift; path = SignInService.swift; sourceTree = "<group>"; };
		A20000010000000000000006 /* HealthKitService.swift */ = {isa = PBXFileReference; lastKnownFileType = sourcecode.swift; path = HealthKitService.swift; sourceTree = "<group>"; };
		A20000010000000000000007 /* CloudKitSyncService.swift */ = {isa = PBXFileReference; lastKnownFileType = sourcecode.swift; path = CloudKitSyncService.swift; sourceTree = "<group>"; };
		A20000010000000000000008 /* AppSettings.swift */ = {isa = PBXFileReference; lastKnownFileType = sourcecode.swift; path = AppSettings.swift; sourceTree = "<group>"; };
		A20000010000000000000009 /* EncryptionService.swift */ = {isa = PBXFileReference; lastKnownFileType = sourcecode.swift; path = EncryptionService.swift; sourceTree = "<group>"; };
		A2000001000000000000000A /* RootTabView.swift */ = {isa = PBXFileReference; lastKnownFileType = sourcecode.swift; path = RootTabView.swift; sourceTree = "<group>"; };
		A2000001000000000000000B /* MainScreenView.swift */ = {isa = PBXFileReference; lastKnownFileType = sourcecode.swift; path = MainScreenView.swift; sourceTree = "<group>"; };
		A2000001000000000000000C /* NutritionView.swift */ = {isa = PBXFileReference; lastKnownFileType = sourcecode.swift; path = NutritionView.swift; sourceTree = "<group>"; };
		A2000001000000000000000D /* TrainingPlanView.swift */ = {isa = PBXFileReference; lastKnownFileType = sourcecode.swift; path = TrainingPlanView.swift; sourceTree = "<group>"; };
		A2000001000000000000000E /* StatsView.swift */ = {isa = PBXFileReference; lastKnownFileType = sourcecode.swift; path = StatsView.swift; sourceTree = "<group>"; };
		A2000001000000000000000F /* AccountPanelView.swift */ = {isa = PBXFileReference; lastKnownFileType = sourcecode.swift; path = AccountPanelView.swift; sourceTree = "<group>"; };
		A20000010000000000000010 /* SignInView.swift */ = {isa = PBXFileReference; lastKnownFileType = sourcecode.swift; path = SignInView.swift; sourceTree = "<group>"; };
		A20000010000000000000011 /* WelcomeView.swift */ = {isa = PBXFileReference; lastKnownFileType = sourcecode.swift; path = WelcomeView.swift; sourceTree = "<group>"; };
		A20000010000000000000012 /* Info.plist */ = {isa = PBXFileReference; lastKnownFileType = text.plist.xml; path = Info.plist; sourceTree = "<group>"; };
		A20000010000000000000013 /* FitTracker.entitlements */ = {isa = PBXFileReference; lastKnownFileType = text.plist.entitlements; path = FitTracker.entitlements; sourceTree = "<group>"; };
		A20000010000000000000014 /* FitTracker.app */ = {isa = PBXFileReference; explicitFileType = wrapper.application; includeInIndex = 0; path = FitTracker.app; sourceTree = BUILT_PRODUCTS_DIR; };
/* End PBXFileReference section */

/* Begin PBXFrameworksBuildPhase section */
		A30000010000000000000001 /* Frameworks */ = {
			isa = PBXFrameworksBuildPhase;
			buildActionMask = 2147483647;
			files = (
			);
			runOnlyForDeploymentPostprocessing = 0;
		};
/* End PBXFrameworksBuildPhase section */

/* Begin PBXGroup section */
		A40000010000000000000001 = {
			isa = PBXGroup;
			children = (
				A40000010000000000000002 /* FitTracker */,
				A40000010000000000000003 /* Products */,
			);
			sourceTree = "<group>";
		};
		A40000010000000000000002 /* FitTracker */ = {
			isa = PBXGroup;
			children = (
				A20000010000000000000001 /* FitTrackerApp.swift */,
				A40000010000000000000004 /* Models */,
				A40000010000000000000005 /* Services */,
				A40000010000000000000006 /* Views */,
				A20000010000000000000012 /* Info.plist */,
				A20000010000000000000013 /* FitTracker.entitlements */,
			);
			path = FitTracker;
			sourceTree = "<group>";
		};
		A40000010000000000000003 /* Products */ = {
			isa = PBXGroup;
			children = (
				A20000010000000000000014 /* FitTracker.app */,
			);
			name = Products;
			sourceTree = "<group>";
		};
		A40000010000000000000004 /* Models */ = {
			isa = PBXGroup;
			children = (
				A20000010000000000000002 /* DomainModels.swift */,
				A20000010000000000000003 /* TrainingProgramData.swift */,
			);
			path = Models;
			sourceTree = "<group>";
		};
		A40000010000000000000005 /* Services */ = {
			isa = PBXGroup;
			children = (
				111A5E012F64641D006E7013 /* WatchConnectivityService.swift */,
				A40000010000000000000007 /* Auth */,
				A20000010000000000000004 /* AuthManager.swift */,
				A40000010000000000000008 /* HealthKit */,
				A40000010000000000000009 /* CloudKit */,
				A4000001000000000000000A /* Encryption */,
				A20000010000000000000008 /* AppSettings.swift */,
			);
			path = Services;
			sourceTree = "<group>";
		};
		A40000010000000000000006 /* Views */ = {
			isa = PBXGroup;
			children = (
				A2000001000000000000000A /* RootTabView.swift */,
				A4000001000000000000000B /* Main */,
				A4000001000000000000000C /* Training */,
				A4000001000000000000000D /* Nutrition */,
				A4000001000000000000000E /* Stats */,
				A4000001000000000000000F /* Auth */,
			);
			path = Views;
			sourceTree = "<group>";
		};
		A40000010000000000000007 /* Auth */ = {
			isa = PBXGroup;
			children = (
				A20000010000000000000005 /* SignInService.swift */,
			);
			path = Auth;
			sourceTree = "<group>";
		};
		A40000010000000000000008 /* HealthKit */ = {
			isa = PBXGroup;
			children = (
				A20000010000000000000006 /* HealthKitService.swift */,
			);
			path = HealthKit;
			sourceTree = "<group>";
		};
		A40000010000000000000009 /* CloudKit */ = {
			isa = PBXGroup;
			children = (
				A20000010000000000000007 /* CloudKitSyncService.swift */,
			);
			path = CloudKit;
			sourceTree = "<group>";
		};
		A4000001000000000000000A /* Encryption */ = {
			isa = PBXGroup;
			children = (
				A20000010000000000000009 /* EncryptionService.swift */,
			);
			path = Encryption;
			sourceTree = "<group>";
		};
		A4000001000000000000000B /* Main */ = {
			isa = PBXGroup;
			children = (
				A2000001000000000000000B /* MainScreenView.swift */,
			);
			path = Main;
			sourceTree = "<group>";
		};
		A4000001000000000000000C /* Training */ = {
			isa = PBXGroup;
			children = (
				A2000001000000000000000D /* TrainingPlanView.swift */,
			);
			path = Training;
			sourceTree = "<group>";
		};
		A4000001000000000000000D /* Nutrition */ = {
			isa = PBXGroup;
			children = (
				A2000001000000000000000C /* NutritionView.swift */,
			);
			path = Nutrition;
			sourceTree = "<group>";
		};
		A4000001000000000000000E /* Stats */ = {
			isa = PBXGroup;
			children = (
				A2000001000000000000000E /* StatsView.swift */,
			);
			path = Stats;
			sourceTree = "<group>";
		};
		A4000001000000000000000F /* Auth */ = {
			isa = PBXGroup;
			children = (
				A2000001000000000000000F /* AccountPanelView.swift */,
				A20000010000000000000010 /* SignInView.swift */,
				A20000010000000000000011 /* WelcomeView.swift */,
			);
			path = Auth;
			sourceTree = "<group>";
		};
/* End PBXGroup section */

/* Begin PBXNativeTarget section */
		A50000010000000000000001 /* FitTracker */ = {
			isa = PBXNativeTarget;
			buildConfigurationList = A70000010000000000000001 /* Build configuration list for PBXNativeTarget "FitTracker" */;
			buildPhases = (
				A30000010000000000000002 /* Sources */,
				A30000010000000000000001 /* Frameworks */,
				A30000010000000000000003 /* Resources */,
			);
			buildRules = (
			);
			dependencies = (
			);
			name = FitTracker;
			productName = FitTracker;
			productReference = A20000010000000000000014 /* FitTracker.app */;
			productType = "com.apple.product-type.application";
		};
/* End PBXNativeTarget section */

/* Begin PBXProject section */
		A60000010000000000000001 /* Project object */ = {
			isa = PBXProject;
			attributes = {
				BuildIndependentTargetsInParallel = 1;
				LastSwiftUpdateCheck = 1600;
				LastUpgradeCheck = 2620;
				TargetAttributes = {
					A50000010000000000000001 = {
						CreatedOnToolsVersion = 16.0;
					};
				};
			};
			buildConfigurationList = A70000010000000000000002 /* Build configuration list for PBXProject "FitTracker" */;
			compatibilityVersion = "Xcode 14.0";
			developmentRegion = en;
			hasScannedForEncodings = 0;
			knownRegions = (
				en,
				Base,
			);
			mainGroup = A40000010000000000000001;
			productRefGroup = A40000010000000000000003 /* Products */;
			projectDirPath = "";
			projectRoot = "";
			targets = (
				A50000010000000000000001 /* FitTracker */,
			);
		};
/* End PBXProject section */

/* Begin PBXResourcesBuildPhase section */
		A30000010000000000000003 /* Resources */ = {
			isa = PBXResourcesBuildPhase;
			buildActionMask = 2147483647;
			files = (
			);
			runOnlyForDeploymentPostprocessing = 0;
		};
/* End PBXResourcesBuildPhase section */

/* Begin PBXSourcesBuildPhase section */
		A30000010000000000000002 /* Sources */ = {
			isa = PBXSourcesBuildPhase;
			buildActionMask = 2147483647;
			files = (
				A10000010000000000000001 /* FitTrackerApp.swift in Sources */,
				A10000010000000000000002 /* DomainModels.swift in Sources */,
				A10000010000000000000003 /* TrainingProgramData.swift in Sources */,
				A10000010000000000000004 /* AuthManager.swift in Sources */,
				A10000010000000000000005 /* SignInService.swift in Sources */,
				A10000010000000000000006 /* HealthKitService.swift in Sources */,
				A10000010000000000000007 /* CloudKitSyncService.swift in Sources */,
				A10000010000000000000008 /* AppSettings.swift in Sources */,
				111A5E022F64641D006E7013 /* WatchConnectivityService.swift in Sources */,
				A10000010000000000000009 /* EncryptionService.swift in Sources */,
				A1000001000000000000000A /* RootTabView.swift in Sources */,
				A1000001000000000000000B /* MainScreenView.swift in Sources */,
				A1000001000000000000000C /* NutritionView.swift in Sources */,
				A1000001000000000000000D /* TrainingPlanView.swift in Sources */,
				A1000001000000000000000E /* StatsView.swift in Sources */,
				A1000001000000000000000F /* AccountPanelView.swift in Sources */,
				A10000010000000000000010 /* SignInView.swift in Sources */,
				A10000010000000000000011 /* WelcomeView.swift in Sources */,
			);
			runOnlyForDeploymentPostprocessing = 0;
		};
/* End PBXSourcesBuildPhase section */

/* Begin XCBuildConfiguration section */
		A80000010000000000000001 /* Debug */ = {
			isa = XCBuildConfiguration;
			buildSettings = {
				ALWAYS_SEARCH_USER_PATHS = NO;
				CLANG_ENABLE_MODULES = YES;
				CLANG_ENABLE_OBJC_ARC = YES;
				CLANG_WARN_BLOCK_CAPTURE_AUTORELEASING = YES;
				CLANG_WARN_BOOL_CONVERSION = YES;
				CLANG_WARN_COMMA = YES;
				CLANG_WARN_CONSTANT_CONVERSION = YES;
				CLANG_WARN_DEPRECATED_OBJC_IMPLEMENTATIONS = YES;
				CLANG_WARN_EMPTY_BODY = YES;
				CLANG_WARN_ENUM_CONVERSION = YES;
				CLANG_WARN_INFINITE_RECURSION = YES;
				CLANG_WARN_INT_CONVERSION = YES;
				CLANG_WARN_NON_LITERAL_NULL_CONVERSION = YES;
				CLANG_WARN_OBJC_IMPLICIT_RETAIN_SELF = YES;
				CLANG_WARN_OBJC_LITERAL_CONVERSION = YES;
				CLANG_WARN_QUOTED_INCLUDE_IN_FRAMEWORK_HEADER = YES;
				CLANG_WARN_RANGE_LOOP_ANALYSIS = YES;
				CLANG_WARN_STRICT_PROTOTYPES = YES;
				CLANG_WARN_SUSPICIOUS_MOVE = YES;
				CLANG_WARN_UNREACHABLE_CODE = YES;
				CLANG_WARN__DUPLICATE_METHOD_MATCH = YES;
				COPY_PHASE_STRIP = NO;
				DEBUG_INFORMATION_FORMAT = dwarf;
				ENABLE_STRICT_OBJC_MSGSEND = YES;
				ENABLE_TESTABILITY = YES;
				ENABLE_USER_SCRIPT_SANDBOXING = YES;
				GCC_C_LANGUAGE_STANDARD = gnu17;
				GCC_DYNAMIC_NO_PIC = NO;
				GCC_NO_COMMON_BLOCKS = YES;
				GCC_OPTIMIZATION_LEVEL = 0;
				GCC_PREPROCESSOR_DEFINITIONS = (
					"DEBUG=1",
					"$(inherited)",
				);
				GCC_WARN_64_TO_32_BIT_CONVERSION = YES;
				GCC_WARN_ABOUT_RETURN_TYPE = YES;
				GCC_WARN_UNDECLARED_SELECTOR = YES;
				GCC_WARN_UNINITIALIZED_AUTOS = YES;
				GCC_WARN_UNUSED_FUNCTION = YES;
				GCC_WARN_UNUSED_VARIABLE = YES;
				IPHONEOS_DEPLOYMENT_TARGET = 17.0;
				ONLY_ACTIVE_ARCH = YES;
				SDKROOT = iphoneos;
				STRING_CATALOG_GENERATE_SYMBOLS = YES;
				SWIFT_ACTIVE_COMPILATION_CONDITIONS = DEBUG;
				SWIFT_OPTIMIZATION_LEVEL = "-Onone";
			};
			name = Debug;
		};
		A80000010000000000000002 /* Release */ = {
			isa = XCBuildConfiguration;
			buildSettings = {
				ALWAYS_SEARCH_USER_PATHS = NO;
				CLANG_ENABLE_MODULES = YES;
				CLANG_ENABLE_OBJC_ARC = YES;
				CLANG_WARN_BLOCK_CAPTURE_AUTORELEASING = YES;
				CLANG_WARN_BOOL_CONVERSION = YES;
				CLANG_WARN_COMMA = YES;
				CLANG_WARN_CONSTANT_CONVERSION = YES;
				CLANG_WARN_DEPRECATED_OBJC_IMPLEMENTATIONS = YES;
				CLANG_WARN_EMPTY_BODY = YES;
				CLANG_WARN_ENUM_CONVERSION = YES;
				CLANG_WARN_INFINITE_RECURSION = YES;
				CLANG_WARN_INT_CONVERSION = YES;
				CLANG_WARN_NON_LITERAL_NULL_CONVERSION = YES;
				CLANG_WARN_OBJC_IMPLICIT_RETAIN_SELF = YES;
				CLANG_WARN_OBJC_LITERAL_CONVERSION = YES;
				CLANG_WARN_QUOTED_INCLUDE_IN_FRAMEWORK_HEADER = YES;
				CLANG_WARN_RANGE_LOOP_ANALYSIS = YES;
				CLANG_WARN_STRICT_PROTOTYPES = YES;
				CLANG_WARN_SUSPICIOUS_MOVE = YES;
				CLANG_WARN_UNREACHABLE_CODE = YES;
				CLANG_WARN__DUPLICATE_METHOD_MATCH = YES;
				COPY_PHASE_STRIP = NO;
				DEBUG_INFORMATION_FORMAT = "dwarf-with-dsym";
				ENABLE_NS_ASSERTIONS = NO;
				ENABLE_STRICT_OBJC_MSGSEND = YES;
				ENABLE_USER_SCRIPT_SANDBOXING = YES;
				GCC_C_LANGUAGE_STANDARD = gnu17;
				GCC_NO_COMMON_BLOCKS = YES;
				GCC_WARN_64_TO_32_BIT_CONVERSION = YES;
				GCC_WARN_ABOUT_RETURN_TYPE = YES;
				GCC_WARN_UNDECLARED_SELECTOR = YES;
				GCC_WARN_UNINITIALIZED_AUTOS = YES;
				GCC_WARN_UNUSED_FUNCTION = YES;
				GCC_WARN_UNUSED_VARIABLE = YES;
				IPHONEOS_DEPLOYMENT_TARGET = 17.0;
				SDKROOT = iphoneos;
				STRING_CATALOG_GENERATE_SYMBOLS = YES;
				SWIFT_COMPILATION_MODE = wholemodule;
				SWIFT_OPTIMIZATION_LEVEL = "-O";
			};
			name = Release;
		};
		A80000010000000000000003 /* Debug */ = {
			isa = XCBuildConfiguration;
			buildSettings = {
				CODE_SIGN_ENTITLEMENTS = FitTracker/FitTracker.entitlements;
				CODE_SIGN_STYLE = Automatic;
				CURRENT_PROJECT_VERSION = 2;
				DEVELOPMENT_TEAM = "";
				ENABLE_APP_SANDBOX = YES;
				ENABLE_OUTGOING_NETWORK_CONNECTIONS = YES;
				GENERATE_INFOPLIST_FILE = NO;
				INFOPLIST_FILE = FitTracker/Info.plist;
				INFOPLIST_KEY_LSApplicationCategoryType = "public.app-category.healthcare-fitness";
				IPHONEOS_DEPLOYMENT_TARGET = 17.0;
				LD_RUNPATH_SEARCH_PATHS = (
					"$(inherited)",
					"@executable_path/Frameworks",
				);
				MARKETING_VERSION = 2.0;
				PRODUCT_BUNDLE_IDENTIFIER = com.fittracker.regev;
				PRODUCT_NAME = "$(TARGET_NAME)";
				SUPPORTED_PLATFORMS = "iphonesimulator iphoneos";
				SWIFT_EMIT_LOC_STRINGS = YES;
				SWIFT_VERSION = 5.0;
				TARGETED_DEVICE_FAMILY = "1,2";
			};
			name = Debug;
		};
		A80000010000000000000004 /* Release */ = {
			isa = XCBuildConfiguration;
			buildSettings = {
				CODE_SIGN_ENTITLEMENTS = FitTracker/FitTracker.entitlements;
				CODE_SIGN_STYLE = Automatic;
				CURRENT_PROJECT_VERSION = 2;
				DEVELOPMENT_TEAM = "";
				ENABLE_APP_SANDBOX = YES;
				ENABLE_OUTGOING_NETWORK_CONNECTIONS = YES;
				GENERATE_INFOPLIST_FILE = NO;
				INFOPLIST_FILE = FitTracker/Info.plist;
				INFOPLIST_KEY_LSApplicationCategoryType = "public.app-category.healthcare-fitness";
				IPHONEOS_DEPLOYMENT_TARGET = 17.0;
				LD_RUNPATH_SEARCH_PATHS = (
					"$(inherited)",
					"@executable_path/Frameworks",
				);
				MARKETING_VERSION = 2.0;
				PRODUCT_BUNDLE_IDENTIFIER = com.fittracker.regev;
				PRODUCT_NAME = "$(TARGET_NAME)";
				SUPPORTED_PLATFORMS = "iphonesimulator iphoneos";
				SWIFT_EMIT_LOC_STRINGS = YES;
				SWIFT_VERSION = 5.0;
				TARGETED_DEVICE_FAMILY = "1,2";
			};
			name = Release;
		};
/* End XCBuildConfiguration section */

/* Begin XCConfigurationList section */
		A70000010000000000000001 /* Build configuration list for PBXNativeTarget "FitTracker" */ = {
			isa = XCConfigurationList;
			buildConfigurations = (
				A80000010000000000000003 /* Debug */,
				A80000010000000000000004 /* Release */,
			);
			defaultConfigurationIsVisible = 0;
			defaultConfigurationName = Release;
		};
		A70000010000000000000002 /* Build configuration list for PBXProject "FitTracker" */ = {
			isa = XCConfigurationList;
			buildConfigurations = (
				A80000010000000000000001 /* Debug */,
				A80000010000000000000002 /* Release */,
			);
			defaultConfigurationIsVisible = 0;
			defaultConfigurationName = Release;
		};
/* End XCConfigurationList section */
	};
	rootObject = A60000010000000000000001 /* Project object */;
}
