// !$*UTF8*$!
{
	archiveVersion = 1;
	classes = {
	};
	objectVersion = 56;
	objects = {

/* Begin PBXBuildFile section */
		111A5E022F64641D006E7013 /* WatchConnectivityService.swift in Sources */ = {isa = PBXBuildFile; fileRef = 111A5E012F64641D006E7013 /* WatchConnectivityService.swift */; };
		111A5E042F64641D006E7013 /* TrainingProgramStore.swift in Sources */ = {isa = PBXBuildFile; fileRef = 111A5E032F64641D006E7013 /* TrainingProgramStore.swift */; };
		111A5E062F64641D006E7013 /* AppTheme.swift in Sources */ = {isa = PBXBuildFile; fileRef = 111A5E052F64641D006E7013 /* AppTheme.swift */; };
		11B09D2B2F852AEF00DCB9A0 /* FitMeBrandIcon.swift in Sources */ = {isa = PBXBuildFile; fileRef = 11B09D2A2F852AEF00DCB9A0 /* FitMeBrandIcon.swift */; };
		OB100000000000000000AA01 /* OnboardingConsentView.swift in Sources */ = {isa = PBXBuildFile; fileRef = OB200000000000000000AA01 /* OnboardingConsentView.swift */; };
		OB100000000000000000AA02 /* OnboardingFirstActionView.swift in Sources */ = {isa = PBXBuildFile; fileRef = OB200000000000000000AA02 /* OnboardingFirstActionView.swift */; };
		OB100000000000000000AA03 /* OnboardingGoalsView.swift in Sources */ = {isa = PBXBuildFile; fileRef = OB200000000000000000AA03 /* OnboardingGoalsView.swift */; };
		OB100000000000000000AA04 /* OnboardingHealthKitView.swift in Sources */ = {isa = PBXBuildFile; fileRef = OB200000000000000000AA04 /* OnboardingHealthKitView.swift */; };
		OB100000000000000000AA05 /* OnboardingProfileView.swift in Sources */ = {isa = PBXBuildFile; fileRef = OB200000000000000000AA05 /* OnboardingProfileView.swift */; };
		OB100000000000000000AA06 /* OnboardingProgressBar.swift in Sources */ = {isa = PBXBuildFile; fileRef = OB200000000000000000AA06 /* OnboardingProgressBar.swift */; };
		OB100000000000000000AA07 /* OnboardingView.swift in Sources */ = {isa = PBXBuildFile; fileRef = OB200000000000000000AA07 /* OnboardingView.swift */; };
		OB100000000000000000AA08 /* OnboardingWelcomeView.swift in Sources */ = {isa = PBXBuildFile; fileRef = OB200000000000000000AA08 /* OnboardingWelcomeView.swift */; };
		A10000010000000000000001 /* FitTrackerApp.swift in Sources */ = {isa = PBXBuildFile; fileRef = A20000010000000000000001 /* FitTrackerApp.swift */; };
		A10000010000000000000002 /* DomainModels.swift in Sources */ = {isa = PBXBuildFile; fileRef = A20000010000000000000002 /* DomainModels.swift */; };
		A10000010000000000000003 /* TrainingProgramData.swift in Sources */ = {isa = PBXBuildFile; fileRef = A20000010000000000000003 /* TrainingProgramData.swift */; };
		A10000010000000000000004 /* AuthManager.swift in Sources */ = {isa = PBXBuildFile; fileRef = A20000010000000000000004 /* AuthManager.swift */; };
		A10000010000000000000005 /* SignInService.swift in Sources */ = {isa = PBXBuildFile; fileRef = A20000010000000000000005 /* SignInService.swift */; };
		A10000010000000000000006 /* HealthKitService.swift in Sources */ = {isa = PBXBuildFile; fileRef = A20000010000000000000006 /* HealthKitService.swift */; };
		A10000010000000000000007 /* CloudKitSyncService.swift in Sources */ = {isa = PBXBuildFile; fileRef = A20000010000000000000007 /* CloudKitSyncService.swift */; };
		A10000010000000000000008 /* AppSettings.swift in Sources */ = {isa = PBXBuildFile; fileRef = A20000010000000000000008 /* AppSettings.swift */; };
		A10000010000000000000009 /* EncryptionService.swift in Sources */ = {isa = PBXBuildFile; fileRef = A20000010000000000000009 /* EncryptionService.swift */; };
		A1000001000000000000000A /* RootTabView.swift in Sources */ = {isa = PBXBuildFile; fileRef = A2000001000000000000000A /* RootTabView.swift */; };
		A1000001000000000000000B /* MainScreenView.swift in Sources */ = {isa = PBXBuildFile; fileRef = A2000001000000000000000B /* MainScreenView.swift */; };
		NV100000000000000000AA01 /* NutritionView.swift in Sources */ = {isa = PBXBuildFile; fileRef = NV200000000000000000AA01 /* NutritionView.swift */; };
		NV100000000000000000AA02 /* SupplementStackCard.swift in Sources */ = {isa = PBXBuildFile; fileRef = NV200000000000000000AA02 /* SupplementStackCard.swift */; };
		NV100000000000000000AA03 /* SupplementItemRow.swift in Sources */ = {isa = PBXBuildFile; fileRef = NV200000000000000000AA03 /* SupplementItemRow.swift */; };
		NV100000000000000000AA04 /* ProgressBar.swift in Sources */ = {isa = PBXBuildFile; fileRef = NV200000000000000000AA04 /* ProgressBar.swift */; };
		NV100000000000000000AA05 /* HapticFeedback.swift in Sources */ = {isa = PBXBuildFile; fileRef = NV200000000000000000AA05 /* HapticFeedback.swift */; };
		A1000001000000000000000D /* TrainingPlanView.swift in Sources */ = {isa = PBXBuildFile; fileRef = A2000001000000000000000D /* TrainingPlanView.swift */; };
		SV100000000000000000AA01 /* StatsView.swift in Sources */ = {isa = PBXBuildFile; fileRef = SV200000000000000000AA01 /* StatsView.swift */; };
		A1000001000000000000000F /* AccountPanelView.swift in Sources */ = {isa = PBXBuildFile; fileRef = A2000001000000000000000F /* AccountPanelView.swift */; };
		A10000010000000000000015 /* AuthValidation.swift in Sources */ = {isa = PBXBuildFile; fileRef = A20000010000000000000015 /* AuthValidation.swift */; };
		AC1000000000000000000001 /* AnalyticsProvider.swift in Sources */ = {isa = PBXBuildFile; fileRef = AC2000000000000000000001 /* AnalyticsProvider.swift */; };
		AC1000000000000000000002 /* AnalyticsScreenModifier.swift in Sources */ = {isa = PBXBuildFile; fileRef = AC2000000000000000000002 /* AnalyticsScreenModifier.swift */; };
		AC1000000000000000000003 /* AnalyticsService.swift in Sources */ = {isa = PBXBuildFile; fileRef = AC2000000000000000000003 /* AnalyticsService.swift */; };
		AC1000000000000000000004 /* ConsentManager.swift in Sources */ = {isa = PBXBuildFile; fileRef = AC2000000000000000000004 /* ConsentManager.swift */; };
		AC1000000000000000000005 /* FirebaseAnalyticsAdapter.swift in Sources */ = {isa = PBXBuildFile; fileRef = AC2000000000000000000005 /* FirebaseAnalyticsAdapter.swift */; };
		AC1000000000000000000006 /* MockAnalyticsAdapter.swift in Sources */ = {isa = PBXBuildFile; fileRef = AC2000000000000000000006 /* MockAnalyticsAdapter.swift */; };
		AC1000000000000000000007 /* AccountDeletionService.swift in Sources */ = {isa = PBXBuildFile; fileRef = AC2000000000000000000007 /* AccountDeletionService.swift */; };
		AC1000000000000000000008 /* DataExportService.swift in Sources */ = {isa = PBXBuildFile; fileRef = AC2000000000000000000008 /* DataExportService.swift */; };
		AC1000000000000000000009 /* ConsentView.swift in Sources */ = {isa = PBXBuildFile; fileRef = AC2000000000000000000009 /* ConsentView.swift */; };
		AC1000000000000000000010 /* DeleteAccountView.swift in Sources */ = {isa = PBXBuildFile; fileRef = AC2000000000000000000010 /* DeleteAccountView.swift */; };
		AC1000000000000000000011 /* ExportDataView.swift in Sources */ = {isa = PBXBuildFile; fileRef = AC2000000000000000000011 /* ExportDataView.swift */; };
		TP100000000000000000AA01 /* TrainingPlanView.swift in Sources */ = {isa = PBXBuildFile; fileRef = TP200000000000000000AA01 /* TrainingPlanView.swift */; };
		TP100000000000000000AA02 /* ExerciseRowView.swift in Sources */ = {isa = PBXBuildFile; fileRef = TP200000000000000000AA02 /* ExerciseRowView.swift */; };
		TP100000000000000000AA03 /* SetRowView.swift in Sources */ = {isa = PBXBuildFile; fileRef = TP200000000000000000AA03 /* SetRowView.swift */; };
		TP100000000000000000AA04 /* RestTimerView.swift in Sources */ = {isa = PBXBuildFile; fileRef = TP200000000000000000AA04 /* RestTimerView.swift */; };
		TP100000000000000000AA05 /* SessionCompletionSheet.swift in Sources */ = {isa = PBXBuildFile; fileRef = TP200000000000000000AA05 /* SessionCompletionSheet.swift */; };
		TP100000000000000000AA06 /* FocusModeView.swift in Sources */ = {isa = PBXBuildFile; fileRef = TP200000000000000000AA06 /* FocusModeView.swift */; };
		AI100000000000000000AAA1 /* AITypes.swift in Sources */ = {isa = PBXBuildFile; fileRef = AI200000000000000000AAA1 /* AITypes.swift */; };
		AI100000000000000000AAA2 /* AIEngineClient.swift in Sources */ = {isa = PBXBuildFile; fileRef = AI200000000000000000AAA2 /* AIEngineClient.swift */; };
		AI100000000000000000AAA3 /* FoundationModelService.swift in Sources */ = {isa = PBXBuildFile; fileRef = AI200000000000000000AAA3 /* FoundationModelService.swift */; };
		AI100000000000000000AAA4 /* AIOrchestrator.swift in Sources */ = {isa = PBXBuildFile; fileRef = AI200000000000000000AAA4 /* AIOrchestrator.swift */; };
		AI100000000000000000AAA5 /* AISnapshotBuilder.swift in Sources */ = {isa = PBXBuildFile; fileRef = AI200000000000000000AAA5 /* AISnapshotBuilder.swift */; };
		AS000001000000000000AA01 /* Assets.xcassets in Resources */ = {isa = PBXBuildFile; fileRef = AS000002000000000000AA01 /* Assets.xcassets */; };
		B10000010000000000000001 /* FitTrackerCoreTests.swift in Sources */ = {isa = PBXBuildFile; fileRef = B20000010000000000000001 /* FitTrackerCoreTests.swift */; };
		HA100000000000000000001 /* AnalyticsTests.swift in Sources */ = {isa = PBXBuildFile; fileRef = HA200000000000000000001 /* AnalyticsTests.swift */; };
		HA100000000000000000002 /* HomeAnalyticsTests.swift in Sources */ = {isa = PBXBuildFile; fileRef = HA200000000000000000002 /* HomeAnalyticsTests.swift */; };
		TA100000000000000000001 /* TrainingAnalyticsTests.swift in Sources */ = {isa = PBXBuildFile; fileRef = TA200000000000000000001 /* TrainingAnalyticsTests.swift */; };
		NA100000000000000000001 /* NutritionAnalyticsTests.swift in Sources */ = {isa = PBXBuildFile; fileRef = NA200000000000000000001 /* NutritionAnalyticsTests.swift */; };
		SA100000000000000000001 /* StatsAnalyticsTests.swift in Sources */ = {isa = PBXBuildFile; fileRef = SA200000000000000000001 /* StatsAnalyticsTests.swift */; };
		SE100000000000000000AB01 /* SettingsAnalyticsTests.swift in Sources */ = {isa = PBXBuildFile; fileRef = SE200000000000000000AB01 /* SettingsAnalyticsTests.swift */; };
		RE100000000000000000AT01 /* ReadinessEngineTests.swift in Sources */ = {isa = PBXBuildFile; fileRef = RE200000000000000000AT01 /* ReadinessEngineTests.swift */; };
		AI100000000000000000AT01 /* AIAnalyticsTests.swift in Sources */ = {isa = PBXBuildFile; fileRef = AI200000000000000000AT01 /* AIAnalyticsTests.swift */; };
		PF100000000000000000AT01 /* ProfileAnalyticsTests.swift in Sources */ = {isa = PBXBuildFile; fileRef = PF200000000000000000AT01 /* ProfileAnalyticsTests.swift */; };
		PF200000000000000000AT01 /* ProfileAnalyticsTests.swift */ = {isa = PBXFileReference; lastKnownFileType = sourcecode.swift; path = ProfileAnalyticsTests.swift; sourceTree = "<group>"; };
		EV100000000000000000ET01 /* ReadinessFormulaEvals.swift in Sources */ = {isa = PBXBuildFile; fileRef = EV200000000000000000ET01 /* ReadinessFormulaEvals.swift */; };
		EV100000000000000000ET02 /* AIOutputQualityEvals.swift in Sources */ = {isa = PBXBuildFile; fileRef = EV200000000000000000ET02 /* AIOutputQualityEvals.swift */; };
		EV100000000000000000ET03 /* AITierBehaviorEvals.swift in Sources */ = {isa = PBXBuildFile; fileRef = EV200000000000000000ET03 /* AITierBehaviorEvals.swift */; };
		EV100000000000000000ET04 /* ProfileEvals.swift in Sources */ = {isa = PBXBuildFile; fileRef = EV200000000000000000ET04 /* ProfileEvals.swift */; };
		EV200000000000000000ET04 /* ProfileEvals.swift */ = {isa = PBXFileReference; lastKnownFileType = sourcecode.swift; path = ProfileEvals.swift; sourceTree = "<group>"; };
		CC000001000000000000AA01 /* ReadinessCard.swift in Sources */ = {isa = PBXBuildFile; fileRef = CC000002000000000000AA01 /* ReadinessCard.swift */; };
		CC000001000000000000AA02 /* SectionHeader.swift in Sources */ = {isa = PBXBuildFile; fileRef = CC000002000000000000AA02 /* SectionHeader.swift */; };
		CC000001000000000000AA03 /* StatusBadge.swift in Sources */ = {isa = PBXBuildFile; fileRef = CC000002000000000000AA03 /* StatusBadge.swift */; };
		CC000001000000000000AA04 /* MetricCard.swift in Sources */ = {isa = PBXBuildFile; fileRef = CC000002000000000000AA04 /* MetricCard.swift */; };
		CC000001000000000000AA05 /* TrendIndicator.swift in Sources */ = {isa = PBXBuildFile; fileRef = CC000002000000000000AA05 /* TrendIndicator.swift */; };
		CC000001000000000000AA06 /* ChartCard.swift in Sources */ = {isa = PBXBuildFile; fileRef = CC000002000000000000AA06 /* ChartCard.swift */; };
		CC000001000000000000AA07 /* EmptyStateView.swift in Sources */ = {isa = PBXBuildFile; fileRef = CC000002000000000000AA07 /* EmptyStateView.swift */; };
		CC000001000000000000AA08 /* StatsDataHelpers.swift in Sources */ = {isa = PBXBuildFile; fileRef = CC000002000000000000AA08 /* StatsDataHelpers.swift */; };
		CC000001000000000000AA09 /* MacroTargetBar.swift in Sources */ = {isa = PBXBuildFile; fileRef = CC000002000000000000AA09 /* MacroTargetBar.swift */; };
		CC000001000000000000AA0A /* MealSectionView.swift in Sources */ = {isa = PBXBuildFile; fileRef = CC000002000000000000AA0A /* MealSectionView.swift */; };
		CC000001000000000000AA0B /* MealEntrySheet.swift in Sources */ = {isa = PBXBuildFile; fileRef = CC000002000000000000AA0B /* MealEntrySheet.swift */; };
		CC000001000000000000AA0C /* RecoverySupport.swift in Sources */ = {isa = PBXBuildFile; fileRef = CC000002000000000000AA0C /* RecoverySupport.swift */; };
		SE100000000000000000AA01 /* SettingsView.swift in Sources */ = {isa = PBXBuildFile; fileRef = SE200000000000000000AA01 /* SettingsView.swift */; };
		DD000001000000000000AA01 /* AppDesignSystemComponents.swift in Sources */ = {isa = PBXBuildFile; fileRef = DD000002000000000000AA01 /* AppDesignSystemComponents.swift */; };
		DD000001000000000000AA02 /* DesignSystemCatalogView.swift in Sources */ = {isa = PBXBuildFile; fileRef = DD000002000000000000AA02 /* DesignSystemCatalogView.swift */; };
		DS000001000000000000AA01 /* AppPalette.swift in Sources */ = {isa = PBXBuildFile; fileRef = DS000002000000000000AA01 /* AppPalette.swift */; };
		DS000001000000000000AA02 /* DesignTokens.swift in Sources */ = {isa = PBXBuildFile; fileRef = DS000002000000000000AA02 /* DesignTokens.swift */; };
		DS000001000000000000AA03 /* AppMotion.swift in Sources */ = {isa = PBXBuildFile; fileRef = DS000002000000000000AA03 /* AppMotion.swift */; };
		DS000001000000000000AA04 /* AppIcon.swift in Sources */ = {isa = PBXBuildFile; fileRef = DS000002000000000000AA04 /* AppIcon.swift */; };
		DS000001000000000000AA05 /* AppViewModifiers.swift in Sources */ = {isa = PBXBuildFile; fileRef = DS000002000000000000AA05 /* AppViewModifiers.swift */; };
		DS000001000000000000AA06 /* AppComponents.swift in Sources */ = {isa = PBXBuildFile; fileRef = DS000002000000000000AA06 /* AppComponents.swift */; };
		EE000001000000000000AA01 /* SignInView.swift in Sources */ = {isa = PBXBuildFile; fileRef = EE000002000000000000AA01 /* SignInView.swift */; };
		EE000001000000000000AA02 /* WelcomeView.swift in Sources */ = {isa = PBXBuildFile; fileRef = EE000002000000000000AA02 /* WelcomeView.swift */; };
		FB1000001000000000000001 /* SupabaseClient.swift in Sources */ = {isa = PBXBuildFile; fileRef = FB2000001000000000000001 /* SupabaseClient.swift */; };
		FB1000001000000000000002 /* SupabaseSyncService.swift in Sources */ = {isa = PBXBuildFile; fileRef = FB2000001000000000000002 /* SupabaseSyncService.swift */; };
		FB1000001000000000000003 /* UserSession+Supabase.swift in Sources */ = {isa = PBXBuildFile; fileRef = FB2000001000000000000003 /* UserSession+Supabase.swift */; };
		FB1000001000000000000004 /* FTAuthError.swift in Sources */ = {isa = PBXBuildFile; fileRef = FB2000001000000000000004 /* FTAuthError.swift */; };
		FB1000001000000000000005 /* SupabaseAppleAuthProvider.swift in Sources */ = {isa = PBXBuildFile; fileRef = FB2000001000000000000005 /* SupabaseAppleAuthProvider.swift */; };
		FB1000001000000000000006 /* EmailAuthProvider.swift in Sources */ = {isa = PBXBuildFile; fileRef = FB2000001000000000000006 /* EmailAuthProvider.swift */; };
		FB1000001000000000000007 /* Date+Sync.swift in Sources */ = {isa = PBXBuildFile; fileRef = FB2000001000000000000007 /* Date+Sync.swift */; };
		GG1000001000000000000001 /* GoogleAuthProvider.swift in Sources */ = {isa = PBXBuildFile; fileRef = FB2000001000000000000008 /* GoogleAuthProvider.swift */; };
		HV100000000000000000AA01 /* MainScreenView.swift in Sources */ = {isa = PBXBuildFile; fileRef = HV200000000000000000AA01 /* MainScreenView.swift */; };
		HV100000000000000000AA04 /* ManualBiometricEntry.swift in Sources */ = {isa = PBXBuildFile; fileRef = HV200000000000000000AA04 /* ManualBiometricEntry.swift */; };
		HV100000000000000000AA05 /* RecoveryRoutineSheet.swift in Sources */ = {isa = PBXBuildFile; fileRef = HV200000000000000000AA05 /* RecoveryRoutineSheet.swift */; };
		HV100000000000000000AA06 /* SyncStatusIndicator.swift in Sources */ = {isa = PBXBuildFile; fileRef = HV200000000000000000AA06 /* SyncStatusIndicator.swift */; };
		HV100000000000000000AA07 /* StatusDropdown.swift in Sources */ = {isa = PBXBuildFile; fileRef = HV200000000000000000AA07 /* StatusDropdown.swift */; };
		HV100000000000000000AA08 /* MilestoneModal.swift in Sources */ = {isa = PBXBuildFile; fileRef = HV200000000000000000AA08 /* MilestoneModal.swift */; };
		BC100000000000000000AA01 /* BodyCompositionCard.swift in Sources */ = {isa = PBXBuildFile; fileRef = BC200000000000000000AA01 /* BodyCompositionCard.swift */; };
		BC100000000000000000AA02 /* BodyCompositionDetailView.swift in Sources */ = {isa = PBXBuildFile; fileRef = BC200000000000000000AA02 /* BodyCompositionDetailView.swift */; };
		HV100000000000000000AA03 /* HomeRecommendationProvider.swift in Sources */ = {isa = PBXBuildFile; fileRef = HV200000000000000000AA03 /* HomeRecommendationProvider.swift */; };
		RE100000000000000000AA01 /* ReadinessEngine.swift in Sources */ = {isa = PBXBuildFile; fileRef = RE200000000000000000AA01 /* ReadinessEngine.swift */; };
		AI100000000000000000UI01 /* AIInsightCard.swift in Sources */ = {isa = PBXBuildFile; fileRef = AI200000000000000000UI01 /* AIInsightCard.swift */; };
		AI100000000000000000UI02 /* AIIntelligenceSheet.swift in Sources */ = {isa = PBXBuildFile; fileRef = AI200000000000000000UI02 /* AIIntelligenceSheet.swift */; };
		AI100000000000000000UI03 /* AIRecommendationCard.swift in Sources */ = {isa = PBXBuildFile; fileRef = AI200000000000000000UI03 /* AIRecommendationCard.swift */; };
		AI100000000000000000UI04 /* AIFeedbackView.swift in Sources */ = {isa = PBXBuildFile; fileRef = AI200000000000000000UI04 /* AIFeedbackView.swift */; };
		FC1000000000000000000001 /* FirebaseCore in Frameworks */ = {isa = PBXBuildFile; productRef = FC2000000000000000000001 /* FirebaseCore */; };
		FC1000000000000000000002 /* FirebaseAnalytics in Frameworks */ = {isa = PBXBuildFile; productRef = FC2000000000000000000002 /* FirebaseAnalytics */; };
		GG1000000000000000000001 /* GoogleSignIn in Frameworks */ = {isa = PBXBuildFile; productRef = GG2000000000000000000001 /* GoogleSignIn */; };
		FF000001000000000000AA01 /* FitMeLogoLoader.swift in Sources */ = {isa = PBXBuildFile; fileRef = FF000002000000000000AA01 /* FitMeLogoLoader.swift */; };
		FF000001000000000000AA02 /* LiveInfoStrip.swift in Sources */ = {isa = PBXBuildFile; fileRef = FF000002000000000000AA02 /* LiveInfoStrip.swift */; };
		FT1000001000000000000001 /* UserSessionMappingTests.swift in Sources */ = {isa = PBXBuildFile; fileRef = FT2000001000000000000001 /* UserSessionMappingTests.swift */; };
		FT1000001000000000000002 /* SyncMergeTests.swift in Sources */ = {isa = PBXBuildFile; fileRef = FT2000001000000000000002 /* SyncMergeTests.swift */; };
		FT1000001000000000000003 /* SupabaseClientTests.swift in Sources */ = {isa = PBXBuildFile; fileRef = FT2000001000000000000003 /* SupabaseClientTests.swift */; };
		SUP0000001000000000000001 /* Supabase in Frameworks */ = {isa = PBXBuildFile; productRef = SUP0000002000000000000001 /* Supabase */; };
		B6A594D637D8445F86E87597 /* AIInputAdapter.swift in Sources */ = {isa = PBXBuildFile; fileRef = E77CA00F68CB436B88D1CDB4 /* AIInputAdapter.swift */; };
		8287618AAA1A42A6A6AC9EB9 /* ProfileAdapter.swift in Sources */ = {isa = PBXBuildFile; fileRef = 22DB1AB8240F41ADB9BB8927 /* ProfileAdapter.swift */; };
		4402BE1063EE4A5EBF17F2A6 /* HealthKitAdapter.swift in Sources */ = {isa = PBXBuildFile; fileRef = AEF25AB3A6544B718410CBC4 /* HealthKitAdapter.swift */; };
		98DFF4A40C424A3E9B71560F /* TrainingAdapter.swift in Sources */ = {isa = PBXBuildFile; fileRef = 656B9E0FD2FC47EB9F874958 /* TrainingAdapter.swift */; };
		64DBA30CC1584CA6928F2F1C /* NutritionAdapter.swift in Sources */ = {isa = PBXBuildFile; fileRef = 401017612EDA442EA7BFB2E4 /* NutritionAdapter.swift */; };
		6CE2745F57FD4DE3B57B14A9 /* GoalProfile.swift in Sources */ = {isa = PBXBuildFile; fileRef = 1B52DF0A4443482E855B2DEE /* GoalProfile.swift */; };
		4EBF9208E18548B3B009001A /* ValidatedRecommendation.swift in Sources */ = {isa = PBXBuildFile; fileRef = 562BF2CE90DB4CFE8912F36E /* ValidatedRecommendation.swift */; };
		79436AA165D54D94937D68A8 /* RecommendationMemory.swift in Sources */ = {isa = PBXBuildFile; fileRef = 1B4473D583514FE5A6A1297E /* RecommendationMemory.swift */; };
		74FEAE525F4C445790103F37 /* OnboardingAuthView.swift in Sources */ = {isa = PBXBuildFile; fileRef = CA6ACD6FF9F1414981D90944 /* OnboardingAuthView.swift */; };
/* End PBXBuildFile section */

/* Begin PBXContainerItemProxy section */
		B60000010000000000000001 /* PBXContainerItemProxy */ = {
			isa = PBXContainerItemProxy;
			containerPortal = A60000010000000000000001 /* Project object */;
			proxyType = 1;
			remoteGlobalIDString = A50000010000000000000001;
			remoteInfo = FitTracker;
		};
/* End PBXContainerItemProxy section */

/* Begin PBXFileReference section */
		111A5E012F64641D006E7013 /* WatchConnectivityService.swift */ = {isa = PBXFileReference; lastKnownFileType = sourcecode.swift; path = WatchConnectivityService.swift; sourceTree = "<group>"; };
		111A5E032F64641D006E7013 /* TrainingProgramStore.swift */ = {isa = PBXFileReference; lastKnownFileType = sourcecode.swift; path = TrainingProgramStore.swift; sourceTree = "<group>"; };
		111A5E052F64641D006E7013 /* AppTheme.swift */ = {isa = PBXFileReference; lastKnownFileType = sourcecode.swift; path = AppTheme.swift; sourceTree = "<group>"; };
		11B09D2A2F852AEF00DCB9A0 /* FitMeBrandIcon.swift */ = {isa = PBXFileReference; lastKnownFileType = sourcecode.swift; path = FitMeBrandIcon.swift; sourceTree = "<group>"; };
		11B09D2C2F852BF900DCB9A0 /* OnboardingConsentView.swift */ = {isa = PBXFileReference; lastKnownFileType = sourcecode.swift; path = OnboardingConsentView.swift; sourceTree = "<group>"; };
		11B09D2D2F852BF900DCB9A0 /* OnboardingFirstActionView.swift */ = {isa = PBXFileReference; lastKnownFileType = sourcecode.swift; path = OnboardingFirstActionView.swift; sourceTree = "<group>"; };
		11B09D2E2F852BF900DCB9A0 /* OnboardingGoalsView.swift */ = {isa = PBXFileReference; lastKnownFileType = sourcecode.swift; path = OnboardingGoalsView.swift; sourceTree = "<group>"; };
		11B09D2F2F852BF900DCB9A0 /* OnboardingHealthKitView.swift */ = {isa = PBXFileReference; lastKnownFileType = sourcecode.swift; path = OnboardingHealthKitView.swift; sourceTree = "<group>"; };
		11B09D302F852BF900DCB9A0 /* OnboardingProfileView.swift */ = {isa = PBXFileReference; lastKnownFileType = sourcecode.swift; path = OnboardingProfileView.swift; sourceTree = "<group>"; };
		11B09D312F852BF900DCB9A0 /* OnboardingProgressBar.swift */ = {isa = PBXFileReference; lastKnownFileType = sourcecode.swift; path = OnboardingProgressBar.swift; sourceTree = "<group>"; };
		11B09D322F852BF900DCB9A0 /* OnboardingView.swift */ = {isa = PBXFileReference; lastKnownFileType = sourcecode.swift; path = OnboardingView.swift; sourceTree = "<group>"; };
		11B09D332F852BF900DCB9A0 /* OnboardingWelcomeView.swift */ = {isa = PBXFileReference; lastKnownFileType = sourcecode.swift; path = OnboardingWelcomeView.swift; sourceTree = "<group>"; };
		OB200000000000000000AA01 /* OnboardingConsentView.swift */ = {isa = PBXFileReference; lastKnownFileType = sourcecode.swift; path = OnboardingConsentView.swift; sourceTree = "<group>"; };
		OB200000000000000000AA02 /* OnboardingFirstActionView.swift */ = {isa = PBXFileReference; lastKnownFileType = sourcecode.swift; path = OnboardingFirstActionView.swift; sourceTree = "<group>"; };
		OB200000000000000000AA03 /* OnboardingGoalsView.swift */ = {isa = PBXFileReference; lastKnownFileType = sourcecode.swift; path = OnboardingGoalsView.swift; sourceTree = "<group>"; };
		OB200000000000000000AA04 /* OnboardingHealthKitView.swift */ = {isa = PBXFileReference; lastKnownFileType = sourcecode.swift; path = OnboardingHealthKitView.swift; sourceTree = "<group>"; };
		OB200000000000000000AA05 /* OnboardingProfileView.swift */ = {isa = PBXFileReference; lastKnownFileType = sourcecode.swift; path = OnboardingProfileView.swift; sourceTree = "<group>"; };
		OB200000000000000000AA06 /* OnboardingProgressBar.swift */ = {isa = PBXFileReference; lastKnownFileType = sourcecode.swift; path = OnboardingProgressBar.swift; sourceTree = "<group>"; };
		OB200000000000000000AA07 /* OnboardingView.swift */ = {isa = PBXFileReference; lastKnownFileType = sourcecode.swift; path = OnboardingView.swift; sourceTree = "<group>"; };
		OB200000000000000000AA08 /* OnboardingWelcomeView.swift */ = {isa = PBXFileReference; lastKnownFileType = sourcecode.swift; path = OnboardingWelcomeView.swift; sourceTree = "<group>"; };
		A20000010000000000000001 /* FitTrackerApp.swift */ = {isa = PBXFileReference; lastKnownFileType = sourcecode.swift; path = FitTrackerApp.swift; sourceTree = "<group>"; };
		A20000010000000000000002 /* DomainModels.swift */ = {isa = PBXFileReference; lastKnownFileType = sourcecode.swift; path = DomainModels.swift; sourceTree = "<group>"; };
		A20000010000000000000003 /* TrainingProgramData.swift */ = {isa = PBXFileReference; lastKnownFileType = sourcecode.swift; path = TrainingProgramData.swift; sourceTree = "<group>"; };
		A20000010000000000000004 /* AuthManager.swift */ = {isa = PBXFileReference; lastKnownFileType = sourcecode.swift; path = AuthManager.swift; sourceTree = "<group>"; };
		A20000010000000000000005 /* SignInService.swift */ = {isa = PBXFileReference; lastKnownFileType = sourcecode.swift; path = SignInService.swift; sourceTree = "<group>"; };
		A20000010000000000000006 /* HealthKitService.swift */ = {isa = PBXFileReference; lastKnownFileType = sourcecode.swift; path = HealthKitService.swift; sourceTree = "<group>"; };
		A20000010000000000000007 /* CloudKitSyncService.swift */ = {isa = PBXFileReference; lastKnownFileType = sourcecode.swift; path = CloudKitSyncService.swift; sourceTree = "<group>"; };
		A20000010000000000000008 /* AppSettings.swift */ = {isa = PBXFileReference; lastKnownFileType = sourcecode.swift; path = AppSettings.swift; sourceTree = "<group>"; };
		A20000010000000000000009 /* EncryptionService.swift */ = {isa = PBXFileReference; lastKnownFileType = sourcecode.swift; path = EncryptionService.swift; sourceTree = "<group>"; };
		A2000001000000000000000A /* RootTabView.swift */ = {isa = PBXFileReference; lastKnownFileType = sourcecode.swift; path = RootTabView.swift; sourceTree = "<group>"; };
		NV200000000000000000AA01 /* NutritionView.swift */ = {isa = PBXFileReference; lastKnownFileType = sourcecode.swift; path = NutritionView.swift; sourceTree = "<group>"; };
		NV200000000000000000AA02 /* SupplementStackCard.swift */ = {isa = PBXFileReference; lastKnownFileType = sourcecode.swift; path = SupplementStackCard.swift; sourceTree = "<group>"; };
		NV200000000000000000AA03 /* SupplementItemRow.swift */ = {isa = PBXFileReference; lastKnownFileType = sourcecode.swift; path = SupplementItemRow.swift; sourceTree = "<group>"; };
		NV200000000000000000AA04 /* ProgressBar.swift */ = {isa = PBXFileReference; lastKnownFileType = sourcecode.swift; path = ProgressBar.swift; sourceTree = "<group>"; };
		NV200000000000000000AA05 /* HapticFeedback.swift */ = {isa = PBXFileReference; lastKnownFileType = sourcecode.swift; path = HapticFeedback.swift; sourceTree = "<group>"; };
		SV200000000000000000AA01 /* StatsView.swift */ = {isa = PBXFileReference; lastKnownFileType = sourcecode.swift; path = StatsView.swift; sourceTree = "<group>"; };
		A2000001000000000000000B /* MainScreenView.swift */ = {isa = PBXFileReference; lastKnownFileType = sourcecode.swift; path = MainScreenView.swift; sourceTree = "<group>"; };
		A2000001000000000000000C /* NutritionView.swift */ = {isa = PBXFileReference; lastKnownFileType = sourcecode.swift; path = NutritionView.swift; sourceTree = "<group>"; };
		A2000001000000000000000D /* TrainingPlanView.swift */ = {isa = PBXFileReference; lastKnownFileType = sourcecode.swift; path = TrainingPlanView.swift; sourceTree = "<group>"; };
		A2000001000000000000000E /* StatsView.swift */ = {isa = PBXFileReference; lastKnownFileType = sourcecode.swift; path = StatsView.swift; sourceTree = "<group>"; };
		A2000001000000000000000F /* AccountPanelView.swift */ = {isa = PBXFileReference; lastKnownFileType = sourcecode.swift; path = AccountPanelView.swift; sourceTree = "<group>"; };
		A20000010000000000000012 /* Info.plist */ = {isa = PBXFileReference; lastKnownFileType = text.plist.xml; path = Info.plist; sourceTree = "<group>"; };
		A20000010000000000000013 /* FitTracker.entitlements */ = {isa = PBXFileReference; lastKnownFileType = text.plist.entitlements; path = FitTracker.entitlements; sourceTree = "<group>"; };
		A20000010000000000000014 /* FitTracker.app */ = {isa = PBXFileReference; explicitFileType = wrapper.application; includeInIndex = 0; path = FitTracker.app; sourceTree = BUILT_PRODUCTS_DIR; };
		A20000010000000000000015 /* AuthValidation.swift */ = {isa = PBXFileReference; lastKnownFileType = sourcecode.swift; path = AuthValidation.swift; sourceTree = "<group>"; };
		A20000010000000000000016 /* AuthHubView.swift */ = {isa = PBXFileReference; lastKnownFileType = sourcecode.swift; path = AuthHubView.swift; sourceTree = "<group>"; };
		AC2000000000000000000001 /* AnalyticsProvider.swift */ = {isa = PBXFileReference; lastKnownFileType = sourcecode.swift; path = AnalyticsProvider.swift; sourceTree = "<group>"; };
		AC2000000000000000000002 /* AnalyticsScreenModifier.swift */ = {isa = PBXFileReference; lastKnownFileType = sourcecode.swift; path = AnalyticsScreenModifier.swift; sourceTree = "<group>"; };
		AC2000000000000000000003 /* AnalyticsService.swift */ = {isa = PBXFileReference; lastKnownFileType = sourcecode.swift; path = AnalyticsService.swift; sourceTree = "<group>"; };
		AC2000000000000000000004 /* ConsentManager.swift */ = {isa = PBXFileReference; lastKnownFileType = sourcecode.swift; path = ConsentManager.swift; sourceTree = "<group>"; };
		AC2000000000000000000005 /* FirebaseAnalyticsAdapter.swift */ = {isa = PBXFileReference; lastKnownFileType = sourcecode.swift; path = FirebaseAnalyticsAdapter.swift; sourceTree = "<group>"; };
		AC2000000000000000000006 /* MockAnalyticsAdapter.swift */ = {isa = PBXFileReference; lastKnownFileType = sourcecode.swift; path = MockAnalyticsAdapter.swift; sourceTree = "<group>"; };
		AC2000000000000000000007 /* AccountDeletionService.swift */ = {isa = PBXFileReference; lastKnownFileType = sourcecode.swift; path = AccountDeletionService.swift; sourceTree = "<group>"; };
		AC2000000000000000000008 /* DataExportService.swift */ = {isa = PBXFileReference; lastKnownFileType = sourcecode.swift; path = DataExportService.swift; sourceTree = "<group>"; };
		AC2000000000000000000009 /* ConsentView.swift */ = {isa = PBXFileReference; lastKnownFileType = sourcecode.swift; path = ConsentView.swift; sourceTree = "<group>"; };
		AC2000000000000000000010 /* DeleteAccountView.swift */ = {isa = PBXFileReference; lastKnownFileType = sourcecode.swift; path = DeleteAccountView.swift; sourceTree = "<group>"; };
		AC2000000000000000000011 /* ExportDataView.swift */ = {isa = PBXFileReference; lastKnownFileType = sourcecode.swift; path = ExportDataView.swift; sourceTree = "<group>"; };
		AI200000000000000000AAA1 /* AITypes.swift */ = {isa = PBXFileReference; lastKnownFileType = sourcecode.swift; path = AITypes.swift; sourceTree = "<group>"; };
		AI200000000000000000AAA2 /* AIEngineClient.swift */ = {isa = PBXFileReference; lastKnownFileType = sourcecode.swift; path = AIEngineClient.swift; sourceTree = "<group>"; };
		AI200000000000000000AAA3 /* FoundationModelService.swift */ = {isa = PBXFileReference; lastKnownFileType = sourcecode.swift; path = FoundationModelService.swift; sourceTree = "<group>"; };
		AI200000000000000000AAA4 /* AIOrchestrator.swift */ = {isa = PBXFileReference; lastKnownFileType = sourcecode.swift; path = AIOrchestrator.swift; sourceTree = "<group>"; };
		AI200000000000000000AAA5 /* AISnapshotBuilder.swift */ = {isa = PBXFileReference; lastKnownFileType = sourcecode.swift; path = AISnapshotBuilder.swift; sourceTree = "<group>"; };
		AS000002000000000000AA01 /* Assets.xcassets */ = {isa = PBXFileReference; lastKnownFileType = folder.assetcatalog; path = Assets.xcassets; sourceTree = "<group>"; };
		B20000010000000000000001 /* FitTrackerCoreTests.swift */ = {isa = PBXFileReference; lastKnownFileType = sourcecode.swift; path = FitTrackerCoreTests.swift; sourceTree = "<group>"; };
		HA200000000000000000001 /* AnalyticsTests.swift */ = {isa = PBXFileReference; lastKnownFileType = sourcecode.swift; path = AnalyticsTests.swift; sourceTree = "<group>"; };
		HA200000000000000000002 /* HomeAnalyticsTests.swift */ = {isa = PBXFileReference; lastKnownFileType = sourcecode.swift; path = HomeAnalyticsTests.swift; sourceTree = "<group>"; };
		TA200000000000000000001 /* TrainingAnalyticsTests.swift */ = {isa = PBXFileReference; lastKnownFileType = sourcecode.swift; path = TrainingAnalyticsTests.swift; sourceTree = "<group>"; };
		NA200000000000000000001 /* NutritionAnalyticsTests.swift */ = {isa = PBXFileReference; lastKnownFileType = sourcecode.swift; path = NutritionAnalyticsTests.swift; sourceTree = "<group>"; };
		SA200000000000000000001 /* StatsAnalyticsTests.swift */ = {isa = PBXFileReference; lastKnownFileType = sourcecode.swift; path = StatsAnalyticsTests.swift; sourceTree = "<group>"; };
		SE200000000000000000AB01 /* SettingsAnalyticsTests.swift */ = {isa = PBXFileReference; lastKnownFileType = sourcecode.swift; path = SettingsAnalyticsTests.swift; sourceTree = "<group>"; };
		RE200000000000000000AT01 /* ReadinessEngineTests.swift */ = {isa = PBXFileReference; lastKnownFileType = sourcecode.swift; path = ReadinessEngineTests.swift; sourceTree = "<group>"; };
		EV200000000000000000ET01 /* ReadinessFormulaEvals.swift */ = {isa = PBXFileReference; lastKnownFileType = sourcecode.swift; path = ReadinessFormulaEvals.swift; sourceTree = "<group>"; };
		EV200000000000000000ET02 /* AIOutputQualityEvals.swift */ = {isa = PBXFileReference; lastKnownFileType = sourcecode.swift; path = AIOutputQualityEvals.swift; sourceTree = "<group>"; };
		EV200000000000000000ET03 /* AITierBehaviorEvals.swift */ = {isa = PBXFileReference; lastKnownFileType = sourcecode.swift; path = AITierBehaviorEvals.swift; sourceTree = "<group>"; };
		EV300000000000000000GR01 /* EvalTests */ = {isa = PBXGroup; children = (EV200000000000000000ET01 /* ReadinessFormulaEvals.swift */, EV200000000000000000ET02 /* AIOutputQualityEvals.swift */, EV200000000000000000ET03 /* AITierBehaviorEvals.swift */, EV200000000000000000ET04 /* ProfileEvals.swift */); path = EvalTests; sourceTree = "<group>"; };
		AI200000000000000000AT01 /* AIAnalyticsTests.swift */ = {isa = PBXFileReference; lastKnownFileType = sourcecode.swift; path = AIAnalyticsTests.swift; sourceTree = "<group>"; };
		SE200000000000000000AA01 /* SettingsView.swift */ = {isa = PBXFileReference; lastKnownFileType = sourcecode.swift; path = SettingsView.swift; sourceTree = "<group>"; };
		B20000010000000000000002 /* FitTrackerTests.xctest */ = {isa = PBXFileReference; explicitFileType = wrapper.cfbundle; includeInIndex = 0; path = FitTrackerTests.xctest; sourceTree = BUILT_PRODUCTS_DIR; };
		CC000002000000000000AA01 /* ReadinessCard.swift */ = {isa = PBXFileReference; lastKnownFileType = sourcecode.swift; path = ReadinessCard.swift; sourceTree = "<group>"; };
		CC000002000000000000AA02 /* SectionHeader.swift */ = {isa = PBXFileReference; lastKnownFileType = sourcecode.swift; path = SectionHeader.swift; sourceTree = "<group>"; };
		CC000002000000000000AA03 /* StatusBadge.swift */ = {isa = PBXFileReference; lastKnownFileType = sourcecode.swift; path = StatusBadge.swift; sourceTree = "<group>"; };
		CC000002000000000000AA04 /* MetricCard.swift */ = {isa = PBXFileReference; lastKnownFileType = sourcecode.swift; path = MetricCard.swift; sourceTree = "<group>"; };
		CC000002000000000000AA05 /* TrendIndicator.swift */ = {isa = PBXFileReference; lastKnownFileType = sourcecode.swift; path = TrendIndicator.swift; sourceTree = "<group>"; };
		CC000002000000000000AA06 /* ChartCard.swift */ = {isa = PBXFileReference; lastKnownFileType = sourcecode.swift; path = ChartCard.swift; sourceTree = "<group>"; };
		CC000002000000000000AA07 /* EmptyStateView.swift */ = {isa = PBXFileReference; lastKnownFileType = sourcecode.swift; path = EmptyStateView.swift; sourceTree = "<group>"; };
		CC000002000000000000AA08 /* StatsDataHelpers.swift */ = {isa = PBXFileReference; lastKnownFileType = sourcecode.swift; path = StatsDataHelpers.swift; sourceTree = "<group>"; };
		CC000002000000000000AA09 /* MacroTargetBar.swift */ = {isa = PBXFileReference; lastKnownFileType = sourcecode.swift; path = MacroTargetBar.swift; sourceTree = "<group>"; };
		CC000002000000000000AA0A /* MealSectionView.swift */ = {isa = PBXFileReference; lastKnownFileType = sourcecode.swift; path = MealSectionView.swift; sourceTree = "<group>"; };
		CC000002000000000000AA0B /* MealEntrySheet.swift */ = {isa = PBXFileReference; lastKnownFileType = sourcecode.swift; path = MealEntrySheet.swift; sourceTree = "<group>"; };
		CC000002000000000000AA0C /* RecoverySupport.swift */ = {isa = PBXFileReference; lastKnownFileType = sourcecode.swift; path = RecoverySupport.swift; sourceTree = "<group>"; };
		CC000002000000000000AA0D /* SettingsView.swift */ = {isa = PBXFileReference; lastKnownFileType = sourcecode.swift; path = SettingsView.swift; sourceTree = "<group>"; };
		DD000002000000000000AA01 /* AppDesignSystemComponents.swift */ = {isa = PBXFileReference; lastKnownFileType = sourcecode.swift; path = AppDesignSystemComponents.swift; sourceTree = "<group>"; };
		DD000002000000000000AA02 /* DesignSystemCatalogView.swift */ = {isa = PBXFileReference; lastKnownFileType = sourcecode.swift; path = DesignSystemCatalogView.swift; sourceTree = "<group>"; };
		DS000002000000000000AA01 /* AppPalette.swift */ = {isa = PBXFileReference; lastKnownFileType = sourcecode.swift; path = AppPalette.swift; sourceTree = "<group>"; };
		DS000002000000000000AA02 /* DesignTokens.swift */ = {isa = PBXFileReference; lastKnownFileType = sourcecode.swift; path = DesignTokens.swift; sourceTree = "<group>"; };
		DS000002000000000000AA03 /* AppMotion.swift */ = {isa = PBXFileReference; lastKnownFileType = sourcecode.swift; path = AppMotion.swift; sourceTree = "<group>"; };
		DS000002000000000000AA04 /* AppIcon.swift */ = {isa = PBXFileReference; lastKnownFileType = sourcecode.swift; path = AppIcon.swift; sourceTree = "<group>"; };
		DS000002000000000000AA05 /* AppViewModifiers.swift */ = {isa = PBXFileReference; lastKnownFileType = sourcecode.swift; path = AppViewModifiers.swift; sourceTree = "<group>"; };
		DS000002000000000000AA06 /* AppComponents.swift */ = {isa = PBXFileReference; lastKnownFileType = sourcecode.swift; path = AppComponents.swift; sourceTree = "<group>"; };
		EE000002000000000000AA01 /* SignInView.swift */ = {isa = PBXFileReference; lastKnownFileType = sourcecode.swift; path = SignInView.swift; sourceTree = "<group>"; };
		EE000002000000000000AA02 /* WelcomeView.swift */ = {isa = PBXFileReference; lastKnownFileType = sourcecode.swift; path = WelcomeView.swift; sourceTree = "<group>"; };
		FB2000001000000000000001 /* SupabaseClient.swift */ = {isa = PBXFileReference; lastKnownFileType = sourcecode.swift; path = SupabaseClient.swift; sourceTree = "<group>"; };
		FB2000001000000000000002 /* SupabaseSyncService.swift */ = {isa = PBXFileReference; lastKnownFileType = sourcecode.swift; path = SupabaseSyncService.swift; sourceTree = "<group>"; };
		FB2000001000000000000003 /* UserSession+Supabase.swift */ = {isa = PBXFileReference; lastKnownFileType = sourcecode.swift; path = "UserSession+Supabase.swift"; sourceTree = "<group>"; };
		FB2000001000000000000004 /* FTAuthError.swift */ = {isa = PBXFileReference; lastKnownFileType = sourcecode.swift; path = FTAuthError.swift; sourceTree = "<group>"; };
		FB2000001000000000000005 /* SupabaseAppleAuthProvider.swift */ = {isa = PBXFileReference; lastKnownFileType = sourcecode.swift; path = SupabaseAppleAuthProvider.swift; sourceTree = "<group>"; };
		FB2000001000000000000006 /* EmailAuthProvider.swift */ = {isa = PBXFileReference; lastKnownFileType = sourcecode.swift; path = EmailAuthProvider.swift; sourceTree = "<group>"; };
		FB2000001000000000000007 /* Date+Sync.swift */ = {isa = PBXFileReference; lastKnownFileType = sourcecode.swift; path = "Date+Sync.swift"; sourceTree = "<group>"; };
		FB2000001000000000000008 /* GoogleAuthProvider.swift */ = {isa = PBXFileReference; lastKnownFileType = sourcecode.swift; path = GoogleAuthProvider.swift; sourceTree = "<group>"; };
		TP200000000000000000AA01 /* TrainingPlanView.swift */ = {isa = PBXFileReference; lastKnownFileType = sourcecode.swift; path = TrainingPlanView.swift; sourceTree = "<group>"; };
		TP200000000000000000AA02 /* ExerciseRowView.swift */ = {isa = PBXFileReference; lastKnownFileType = sourcecode.swift; path = ExerciseRowView.swift; sourceTree = "<group>"; };
		TP200000000000000000AA03 /* SetRowView.swift */ = {isa = PBXFileReference; lastKnownFileType = sourcecode.swift; path = SetRowView.swift; sourceTree = "<group>"; };
		TP200000000000000000AA04 /* RestTimerView.swift */ = {isa = PBXFileReference; lastKnownFileType = sourcecode.swift; path = RestTimerView.swift; sourceTree = "<group>"; };
		TP200000000000000000AA05 /* SessionCompletionSheet.swift */ = {isa = PBXFileReference; lastKnownFileType = sourcecode.swift; path = SessionCompletionSheet.swift; sourceTree = "<group>"; };
		TP200000000000000000AA06 /* FocusModeView.swift */ = {isa = PBXFileReference; lastKnownFileType = sourcecode.swift; path = FocusModeView.swift; sourceTree = "<group>"; };
		HV200000000000000000AA01 /* MainScreenView.swift */ = {isa = PBXFileReference; lastKnownFileType = sourcecode.swift; path = MainScreenView.swift; sourceTree = "<group>"; };
		HV200000000000000000AA04 /* ManualBiometricEntry.swift */ = {isa = PBXFileReference; lastKnownFileType = sourcecode.swift; path = ManualBiometricEntry.swift; sourceTree = "<group>"; };
		HV200000000000000000AA05 /* RecoveryRoutineSheet.swift */ = {isa = PBXFileReference; lastKnownFileType = sourcecode.swift; path = RecoveryRoutineSheet.swift; sourceTree = "<group>"; };
		HV200000000000000000AA06 /* SyncStatusIndicator.swift */ = {isa = PBXFileReference; lastKnownFileType = sourcecode.swift; path = SyncStatusIndicator.swift; sourceTree = "<group>"; };
		HV200000000000000000AA07 /* StatusDropdown.swift */ = {isa = PBXFileReference; lastKnownFileType = sourcecode.swift; path = StatusDropdown.swift; sourceTree = "<group>"; };
		HV200000000000000000AA08 /* MilestoneModal.swift */ = {isa = PBXFileReference; lastKnownFileType = sourcecode.swift; path = MilestoneModal.swift; sourceTree = "<group>"; };
		BC200000000000000000AA01 /* BodyCompositionCard.swift */ = {isa = PBXFileReference; lastKnownFileType = sourcecode.swift; path = BodyCompositionCard.swift; sourceTree = "<group>"; };
		BC200000000000000000AA02 /* BodyCompositionDetailView.swift */ = {isa = PBXFileReference; lastKnownFileType = sourcecode.swift; path = BodyCompositionDetailView.swift; sourceTree = "<group>"; };
		HV200000000000000000AA03 /* HomeRecommendationProvider.swift */ = {isa = PBXFileReference; lastKnownFileType = sourcecode.swift; path = HomeRecommendationProvider.swift; sourceTree = "<group>"; };
		RE200000000000000000AA01 /* ReadinessEngine.swift */ = {isa = PBXFileReference; lastKnownFileType = sourcecode.swift; path = ReadinessEngine.swift; sourceTree = "<group>"; };
		AI200000000000000000UI01 /* AIInsightCard.swift */ = {isa = PBXFileReference; lastKnownFileType = sourcecode.swift; path = AIInsightCard.swift; sourceTree = "<group>"; };
		AI200000000000000000UI02 /* AIIntelligenceSheet.swift */ = {isa = PBXFileReference; lastKnownFileType = sourcecode.swift; path = AIIntelligenceSheet.swift; sourceTree = "<group>"; };
		AI200000000000000000UI03 /* AIRecommendationCard.swift */ = {isa = PBXFileReference; lastKnownFileType = sourcecode.swift; path = AIRecommendationCard.swift; sourceTree = "<group>"; };
		AI200000000000000000UI04 /* AIFeedbackView.swift */ = {isa = PBXFileReference; lastKnownFileType = sourcecode.swift; path = AIFeedbackView.swift; sourceTree = "<group>"; };
		AI300000000000000000GR01 /* AI */ = {isa = PBXGroup; children = (AI200000000000000000UI01 /* AIInsightCard.swift */, AI200000000000000000UI02 /* AIIntelligenceSheet.swift */, AI200000000000000000UI03 /* AIRecommendationCard.swift */, AI200000000000000000UI04 /* AIFeedbackView.swift */); path = AI; sourceTree = "<group>"; };
		PF200000000000000000PV01 /* ProfileHeroSection.swift */ = {isa = PBXFileReference; lastKnownFileType = sourcecode.swift; path = ProfileHeroSection.swift; sourceTree = "<group>"; };
		PF200000000000000000PV02 /* ProfileBodyCompCard.swift */ = {isa = PBXFileReference; lastKnownFileType = sourcecode.swift; path = ProfileBodyCompCard.swift; sourceTree = "<group>"; };
		PF300000000000000000GR01 /* Profile */ = {isa = PBXGroup; children = (PF200000000000000000PV01 /* ProfileHeroSection.swift */, PF200000000000000000PV02 /* ProfileBodyCompCard.swift */, PF200000000000000000PV03 /* ProfileView.swift */, PF200000000000000000PV04 /* GoalEditorSheet.swift */); path = Profile; sourceTree = "<group>"; };
		PF200000000000000000PV03 /* ProfileView.swift */ = {isa = PBXFileReference; lastKnownFileType = sourcecode.swift; path = ProfileView.swift; sourceTree = "<group>"; };
		PF200000000000000000PV04 /* GoalEditorSheet.swift */ = {isa = PBXFileReference; lastKnownFileType = sourcecode.swift; path = GoalEditorSheet.swift; sourceTree = "<group>"; };
		PF100000000000000000PV03 /* ProfileView.swift in Sources */ = {isa = PBXBuildFile; fileRef = PF200000000000000000PV03 /* ProfileView.swift */; };
		PF100000000000000000PV04 /* GoalEditorSheet.swift in Sources */ = {isa = PBXBuildFile; fileRef = PF200000000000000000PV04 /* GoalEditorSheet.swift */; };
		PF100000000000000000PV01 /* ProfileHeroSection.swift in Sources */ = {isa = PBXBuildFile; fileRef = PF200000000000000000PV01 /* ProfileHeroSection.swift */; };
		PF100000000000000000PV02 /* ProfileBodyCompCard.swift in Sources */ = {isa = PBXBuildFile; fileRef = PF200000000000000000PV02 /* ProfileBodyCompCard.swift */; };
		FF000002000000000000AA01 /* FitMeLogoLoader.swift */ = {isa = PBXFileReference; lastKnownFileType = sourcecode.swift; path = FitMeLogoLoader.swift; sourceTree = "<group>"; };
		FF000002000000000000AA02 /* LiveInfoStrip.swift */ = {isa = PBXFileReference; lastKnownFileType = sourcecode.swift; path = LiveInfoStrip.swift; sourceTree = "<group>"; };
		FT2000001000000000000001 /* UserSessionMappingTests.swift */ = {isa = PBXFileReference; lastKnownFileType = sourcecode.swift; path = UserSessionMappingTests.swift; sourceTree = "<group>"; };
		FT2000001000000000000002 /* SyncMergeTests.swift */ = {isa = PBXFileReference; lastKnownFileType = sourcecode.swift; path = SyncMergeTests.swift; sourceTree = "<group>"; };
		FT2000001000000000000003 /* SupabaseClientTests.swift */ = {isa = PBXFileReference; lastKnownFileType = sourcecode.swift; path = SupabaseClientTests.swift; sourceTree = "<group>"; };
		E77CA00F68CB436B88D1CDB4 /* AIInputAdapter.swift */ = {isa = PBXFileReference; lastKnownFileType = sourcecode.swift; path = FitTracker/AI/Adapters/AIInputAdapter.swift; sourceTree = "<group>"; };
		22DB1AB8240F41ADB9BB8927 /* ProfileAdapter.swift */ = {isa = PBXFileReference; lastKnownFileType = sourcecode.swift; path = FitTracker/AI/Adapters/ProfileAdapter.swift; sourceTree = "<group>"; };
		AEF25AB3A6544B718410CBC4 /* HealthKitAdapter.swift */ = {isa = PBXFileReference; lastKnownFileType = sourcecode.swift; path = FitTracker/AI/Adapters/HealthKitAdapter.swift; sourceTree = "<group>"; };
		656B9E0FD2FC47EB9F874958 /* TrainingAdapter.swift */ = {isa = PBXFileReference; lastKnownFileType = sourcecode.swift; path = FitTracker/AI/Adapters/TrainingAdapter.swift; sourceTree = "<group>"; };
		401017612EDA442EA7BFB2E4 /* NutritionAdapter.swift */ = {isa = PBXFileReference; lastKnownFileType = sourcecode.swift; path = FitTracker/AI/Adapters/NutritionAdapter.swift; sourceTree = "<group>"; };
		1B52DF0A4443482E855B2DEE /* GoalProfile.swift */ = {isa = PBXFileReference; lastKnownFileType = sourcecode.swift; path = FitTracker/AI/GoalProfile.swift; sourceTree = "<group>"; };
		562BF2CE90DB4CFE8912F36E /* ValidatedRecommendation.swift */ = {isa = PBXFileReference; lastKnownFileType = sourcecode.swift; path = FitTracker/AI/ValidatedRecommendation.swift; sourceTree = "<group>"; };
		1B4473D583514FE5A6A1297E /* RecommendationMemory.swift */ = {isa = PBXFileReference; lastKnownFileType = sourcecode.swift; path = FitTracker/AI/RecommendationMemory.swift; sourceTree = "<group>"; };
		CA6ACD6FF9F1414981D90944 /* OnboardingAuthView.swift */ = {isa = PBXFileReference; lastKnownFileType = sourcecode.swift; path = FitTracker/Views/Onboarding/v2/OnboardingAuthView.swift; sourceTree = "<group>"; };
/* End PBXFileReference section */

/* Begin PBXFrameworksBuildPhase section */
		A30000010000000000000001 /* Frameworks */ = {
			isa = PBXFrameworksBuildPhase;
			buildActionMask = 2147483647;
			files = (
				FC1000000000000000000001 /* FirebaseCore in Frameworks */,
				FC1000000000000000000002 /* FirebaseAnalytics in Frameworks */,
				GG1000000000000000000001 /* GoogleSignIn in Frameworks */,
				SUP0000001000000000000001 /* Supabase in Frameworks */,
			);
			runOnlyForDeploymentPostprocessing = 0;
		};
		B30000010000000000000001 /* Frameworks */ = {
			isa = PBXFrameworksBuildPhase;
			buildActionMask = 2147483647;
			files = (
			);
			runOnlyForDeploymentPostprocessing = 0;
		};
/* End PBXFrameworksBuildPhase section */

/* Begin PBXGroup section */
		11B09D342F852BF900DCB9A0 /* Onboarding */ = {
			isa = PBXGroup;
			children = (
				OB300000000000000000AA01 /* v2 */,
				11B09D2C2F852BF900DCB9A0 /* OnboardingConsentView.swift */,
				11B09D2D2F852BF900DCB9A0 /* OnboardingFirstActionView.swift */,
				11B09D2E2F852BF900DCB9A0 /* OnboardingGoalsView.swift */,
				11B09D2F2F852BF900DCB9A0 /* OnboardingHealthKitView.swift */,
				11B09D302F852BF900DCB9A0 /* OnboardingProfileView.swift */,
				11B09D312F852BF900DCB9A0 /* OnboardingProgressBar.swift */,
				11B09D322F852BF900DCB9A0 /* OnboardingView.swift */,
				11B09D332F852BF900DCB9A0 /* OnboardingWelcomeView.swift */,
			);
			path = Onboarding;
			sourceTree = "<group>";
		};
		OB300000000000000000AA01 /* v2 */ = {
			isa = PBXGroup;
			children = (
				OB200000000000000000AA01 /* OnboardingConsentView.swift */,
				OB200000000000000000AA02 /* OnboardingFirstActionView.swift */,
				OB200000000000000000AA03 /* OnboardingGoalsView.swift */,
				OB200000000000000000AA04 /* OnboardingHealthKitView.swift */,
				OB200000000000000000AA05 /* OnboardingProfileView.swift */,
				OB200000000000000000AA06 /* OnboardingProgressBar.swift */,
				OB200000000000000000AA07 /* OnboardingView.swift */,
				OB200000000000000000AA08 /* OnboardingWelcomeView.swift */,
			);
			path = v2;
			sourceTree = "<group>";
		};
		A40000010000000000000001 = {
			isa = PBXGroup;
			children = (
				A40000010000000000000002 /* FitTracker */,
				B40000010000000000000001 /* FitTrackerTests */,
				A40000010000000000000003 /* Products */,
			);
			sourceTree = "<group>";
		};
		A40000010000000000000002 /* FitTracker */ = {
			isa = PBXGroup;
			children = (
				A20000010000000000000001 /* FitTrackerApp.swift */,
				A40000010000000000000004 /* Models */,
				A40000010000000000000005 /* Services */,
				AI300000000000000000AAA1 /* AI */,
				DS000000000000000000AA00 /* DesignSystem */,
				A40000010000000000000006 /* Views */,
				FB4000001000000000000002 /* Extensions */,
				A20000010000000000000012 /* Info.plist */,
				A20000010000000000000013 /* FitTracker.entitlements */,
				AS000002000000000000AA01 /* Assets.xcassets */,
			);
			path = FitTracker;
			sourceTree = "<group>";
		};
		A40000010000000000000003 /* Products */ = {
			isa = PBXGroup;
			children = (
				A20000010000000000000014 /* FitTracker.app */,
				B20000010000000000000002 /* FitTrackerTests.xctest */,
			);
			name = Products;
			sourceTree = "<group>";
		};
		A40000010000000000000004 /* Models */ = {
			isa = PBXGroup;
			children = (
				A20000010000000000000002 /* DomainModels.swift */,
				A20000010000000000000003 /* TrainingProgramData.swift */,
				FB2000001000000000000003 /* UserSession+Supabase.swift */,
			);
			path = Models;
			sourceTree = "<group>";
		};
		A40000010000000000000005 /* Services */ = {
			isa = PBXGroup;
			children = (
				111A5E012F64641D006E7013 /* WatchConnectivityService.swift */,
				111A5E032F64641D006E7013 /* TrainingProgramStore.swift */,
				111A5E052F64641D006E7013 /* AppTheme.swift */,
				AC3000000000000000000001 /* Analytics */,
				A40000010000000000000007 /* Auth */,
				A20000010000000000000004 /* AuthManager.swift */,
				AC2000000000000000000007 /* AccountDeletionService.swift */,
				AC2000000000000000000008 /* DataExportService.swift */,
				A40000010000000000000008 /* HealthKit */,
				A40000010000000000000009 /* CloudKit */,
				A4000001000000000000000A /* Encryption */,
				FB4000001000000000000001 /* Supabase */,
				A20000010000000000000008 /* AppSettings.swift */,
				HV200000000000000000AA03 /* HomeRecommendationProvider.swift */,
				RE200000000000000000AA01 /* ReadinessEngine.swift */,
				NV200000000000000000AA05 /* HapticFeedback.swift */,
			);
			path = Services;
			sourceTree = "<group>";
		};
		A40000010000000000000006 /* Views */ = {
			isa = PBXGroup;
			children = (
				AC2000000000000000000009 /* ConsentView.swift */,
				A2000001000000000000000A /* RootTabView.swift */,
				A4000001000000000000000B /* Main */,
				A4000001000000000000000C /* Training */,
				A4000001000000000000000D /* Nutrition */,
				A4000001000000000000000E /* Stats */,
				A4000001000000000000000F /* Auth */,
				CC000003000000000000AA0D /* Settings */,
				CC000001000000000000AA00 /* Shared */,
				11B09D342F852BF900DCB9A0 /* Onboarding */,
				AI300000000000000000GR01 /* AI */,
				PF300000000000000000GR01 /* Profile */,
			);
			path = Views;
			sourceTree = "<group>";
		};
		A40000010000000000000007 /* Auth */ = {
			isa = PBXGroup;
			children = (
				A20000010000000000000005 /* SignInService.swift */,
				A20000010000000000000015 /* AuthValidation.swift */,
				FB2000001000000000000004 /* FTAuthError.swift */,
				FB2000001000000000000005 /* SupabaseAppleAuthProvider.swift */,
				FB2000001000000000000006 /* EmailAuthProvider.swift */,
				FB2000001000000000000008 /* GoogleAuthProvider.swift */,
			);
			path = Auth;
			sourceTree = "<group>";
		};
		A40000010000000000000008 /* HealthKit */ = {
			isa = PBXGroup;
			children = (
				A20000010000000000000006 /* HealthKitService.swift */,
			);
			path = HealthKit;
			sourceTree = "<group>";
		};
		A40000010000000000000009 /* CloudKit */ = {
			isa = PBXGroup;
			children = (
				A20000010000000000000007 /* CloudKitSyncService.swift */,
			);
			path = CloudKit;
			sourceTree = "<group>";
		};
		A4000001000000000000000A /* Encryption */ = {
			isa = PBXGroup;
			children = (
				A20000010000000000000009 /* EncryptionService.swift */,
			);
			path = Encryption;
			sourceTree = "<group>";
		};
		A4000001000000000000000B /* Main */ = {
			isa = PBXGroup;
			children = (
				A2000001000000000000000B /* MainScreenView.swift */,
				BC200000000000000000AA01 /* BodyCompositionCard.swift */,
				BC200000000000000000AA02 /* BodyCompositionDetailView.swift */,
				HV300000000000000000AA01 /* v2 */,
			);
			path = Main;
			sourceTree = "<group>";
		};
		HV300000000000000000AA01 /* v2 */ = {
			isa = PBXGroup;
			children = (
				HV200000000000000000AA01 /* MainScreenView.swift */,
			);
			path = v2;
			sourceTree = "<group>";
		};
		A4000001000000000000000C /* Training */ = {
			isa = PBXGroup;
			children = (
				A2000001000000000000000D /* TrainingPlanView.swift */,
				TP300000000000000000AA01 /* v2 */,
			);
			path = Training;
			sourceTree = "<group>";
		};
		TP300000000000000000AA01 /* v2 */ = {
			isa = PBXGroup;
			children = (
				TP200000000000000000AA01 /* TrainingPlanView.swift */,
				TP200000000000000000AA02 /* ExerciseRowView.swift */,
				TP200000000000000000AA03 /* SetRowView.swift */,
				TP200000000000000000AA04 /* RestTimerView.swift */,
				TP200000000000000000AA05 /* SessionCompletionSheet.swift */,
				TP200000000000000000AA06 /* FocusModeView.swift */,
			);
			path = v2;
			sourceTree = "<group>";
		};
		A4000001000000000000000D /* Nutrition */ = {
			isa = PBXGroup;
			children = (
				A2000001000000000000000C /* NutritionView.swift */,
				CC000002000000000000AA09 /* MacroTargetBar.swift */,
				CC000002000000000000AA0A /* MealSectionView.swift */,
				CC000002000000000000AA0B /* MealEntrySheet.swift */,
				NV400000000000000000AA01 /* v2 */,
				NV400000000000000000AA02 /* Components */,
			);
			path = Nutrition;
			sourceTree = "<group>";
		};
		NV400000000000000000AA01 /* v2 */ = {
			isa = PBXGroup;
			children = (
				NV200000000000000000AA01 /* NutritionView.swift */,
			);
			path = v2;
			sourceTree = "<group>";
		};
		NV400000000000000000AA02 /* Components */ = {
			isa = PBXGroup;
			children = (
				NV200000000000000000AA02 /* SupplementStackCard.swift */,
				NV200000000000000000AA03 /* SupplementItemRow.swift */,
			);
			path = Components;
			sourceTree = "<group>";
		};
		A4000001000000000000000E /* Stats */ = {
			isa = PBXGroup;
			children = (
				A2000001000000000000000E /* StatsView.swift */,
				CC000002000000000000AA08 /* StatsDataHelpers.swift */,
				SV400000000000000000AA01 /* v2 */,
			);
			path = Stats;
			sourceTree = "<group>";
		};
		SV400000000000000000AA01 /* v2 */ = {
			isa = PBXGroup;
			children = (
				SV200000000000000000AA01 /* StatsView.swift */,
			);
			path = v2;
			sourceTree = "<group>";
		};
		A4000001000000000000000F /* Auth */ = {
			isa = PBXGroup;
			children = (
				A2000001000000000000000F /* AccountPanelView.swift */,
				A20000010000000000000016 /* AuthHubView.swift */,
				EE000002000000000000AA01 /* SignInView.swift */,
				EE000002000000000000AA02 /* WelcomeView.swift */,
			);
			path = Auth;
			sourceTree = "<group>";
		};
		AC3000000000000000000001 /* Analytics */ = {
			isa = PBXGroup;
			children = (
				AC2000000000000000000001 /* AnalyticsProvider.swift */,
				AC2000000000000000000002 /* AnalyticsScreenModifier.swift */,
				AC2000000000000000000003 /* AnalyticsService.swift */,
				AC2000000000000000000004 /* ConsentManager.swift */,
				AC2000000000000000000005 /* FirebaseAnalyticsAdapter.swift */,
				AC2000000000000000000006 /* MockAnalyticsAdapter.swift */,
			);
			path = Analytics;
			sourceTree = "<group>";
		};
		AI300000000000000000AAA1 /* AI */ = {
			isa = PBXGroup;
			children = (
				AI200000000000000000AAA1 /* AITypes.swift */,
				AI200000000000000000AAA2 /* AIEngineClient.swift */,
				AI200000000000000000AAA3 /* FoundationModelService.swift */,
				AI200000000000000000AAA4 /* AIOrchestrator.swift */,
				AI200000000000000000AAA5 /* AISnapshotBuilder.swift */,
			);
			path = AI;
			sourceTree = "<group>";
		};
		B40000010000000000000001 /* FitTrackerTests */ = {
			isa = PBXGroup;
			children = (
				HA200000000000000000001 /* AnalyticsTests.swift */,
				B20000010000000000000001 /* FitTrackerCoreTests.swift */,
				HA200000000000000000002 /* HomeAnalyticsTests.swift */,
				TA200000000000000000001 /* TrainingAnalyticsTests.swift */,
				NA200000000000000000001 /* NutritionAnalyticsTests.swift */,
				SA200000000000000000001 /* StatsAnalyticsTests.swift */,
				SE200000000000000000AB01 /* SettingsAnalyticsTests.swift */,
				RE200000000000000000AT01 /* ReadinessEngineTests.swift */,
				AI200000000000000000AT01 /* AIAnalyticsTests.swift */,
				PF200000000000000000AT01 /* ProfileAnalyticsTests.swift */,
				EV300000000000000000GR01 /* EvalTests */,
				FT4000001000000000000001 /* SupabaseTests */,
			);
			path = FitTrackerTests;
			sourceTree = "<group>";
		};
		CC000001000000000000AA00 /* Shared */ = {
			isa = PBXGroup;
			children = (
				DD000002000000000000AA01 /* AppDesignSystemComponents.swift */,
				CC000002000000000000AA01 /* ReadinessCard.swift */,
				CC000002000000000000AA02 /* SectionHeader.swift */,
				CC000002000000000000AA03 /* StatusBadge.swift */,
				CC000002000000000000AA04 /* MetricCard.swift */,
				CC000002000000000000AA05 /* TrendIndicator.swift */,
				CC000002000000000000AA06 /* ChartCard.swift */,
				CC000002000000000000AA07 /* EmptyStateView.swift */,
				CC000002000000000000AA0C /* RecoverySupport.swift */,
				FF000002000000000000AA02 /* LiveInfoStrip.swift */,
				HV200000000000000000AA04 /* ManualBiometricEntry.swift */,
				HV200000000000000000AA05 /* RecoveryRoutineSheet.swift */,
				HV200000000000000000AA06 /* SyncStatusIndicator.swift */,
				HV200000000000000000AA07 /* StatusDropdown.swift */,
				HV200000000000000000AA08 /* MilestoneModal.swift */,
			);
			path = Shared;
			sourceTree = "<group>";
		};
		CC000003000000000000AA0D /* Settings */ = {
			isa = PBXGroup;
			children = (
				AC2000000000000000000010 /* DeleteAccountView.swift */,
				DD000002000000000000AA02 /* DesignSystemCatalogView.swift */,
				AC2000000000000000000011 /* ExportDataView.swift */,
				CC000002000000000000AA0D /* SettingsView.swift */,
				SE400000000000000000AA01 /* v2 */,
			);
			path = Settings;
			sourceTree = "<group>";
		};
		SE400000000000000000AA01 /* v2 */ = {
			isa = PBXGroup;
			children = (
				SE200000000000000000AA01 /* SettingsView.swift */,
			);
			path = v2;
			sourceTree = "<group>";
		};
		DS000000000000000000AA00 /* DesignSystem */ = {
			isa = PBXGroup;
			children = (
				11B09D2A2F852AEF00DCB9A0 /* FitMeBrandIcon.swift */,
				DS000002000000000000AA01 /* AppPalette.swift */,
				DS000002000000000000AA02 /* DesignTokens.swift */,
				DS000002000000000000AA03 /* AppMotion.swift */,
				FF000002000000000000AA01 /* FitMeLogoLoader.swift */,
				DS000002000000000000AA04 /* AppIcon.swift */,
				DS000002000000000000AA05 /* AppViewModifiers.swift */,
				DS000002000000000000AA06 /* AppComponents.swift */,
				NV200000000000000000AA04 /* ProgressBar.swift */,
			);
			path = DesignSystem;
			sourceTree = "<group>";
		};
		FB4000001000000000000001 /* Supabase */ = {
			isa = PBXGroup;
			children = (
				FB2000001000000000000001 /* SupabaseClient.swift */,
				FB2000001000000000000002 /* SupabaseSyncService.swift */,
			);
			path = Supabase;
			sourceTree = "<group>";
		};
		FB4000001000000000000002 /* Extensions */ = {
			isa = PBXGroup;
			children = (
				FB2000001000000000000007 /* Date+Sync.swift */,
			);
			path = Extensions;
			sourceTree = "<group>";
		};
		FT4000001000000000000001 /* SupabaseTests */ = {
			isa = PBXGroup;
			children = (
				FT2000001000000000000003 /* SupabaseClientTests.swift */,
				FT2000001000000000000001 /* UserSessionMappingTests.swift */,
				FT2000001000000000000002 /* SyncMergeTests.swift */,
			);
			path = SupabaseTests;
			sourceTree = "<group>";
		};
/* End PBXGroup section */

/* Begin PBXNativeTarget section */
		A50000010000000000000001 /* FitTracker */ = {
			isa = PBXNativeTarget;
			buildConfigurationList = A70000010000000000000001 /* Build configuration list for PBXNativeTarget "FitTracker" */;
			buildPhases = (
				A30000010000000000000002 /* Sources */,
				A30000010000000000000001 /* Frameworks */,
				A30000010000000000000003 /* Resources */,
			);
			buildRules = (
			);
			dependencies = (
			);
			name = FitTracker;
			packageProductDependencies = (
				FC2000000000000000000001 /* FirebaseCore */,
				FC2000000000000000000002 /* FirebaseAnalytics */,
				GG2000000000000000000001 /* GoogleSignIn */,
				SUP0000002000000000000001 /* Supabase */,
			);
			productName = FitTracker;
			productReference = A20000010000000000000014 /* FitTracker.app */;
			productType = "com.apple.product-type.application";
		};
		B50000010000000000000001 /* FitTrackerTests */ = {
			isa = PBXNativeTarget;
			buildConfigurationList = B70000010000000000000001 /* Build configuration list for PBXNativeTarget "FitTrackerTests" */;
			buildPhases = (
				B30000010000000000000002 /* Sources */,
				B30000010000000000000001 /* Frameworks */,
				B30000010000000000000003 /* Resources */,
			);
			buildRules = (
			);
			dependencies = (
				B80000010000000000000001 /* PBXTargetDependency */,
			);
			name = FitTrackerTests;
			productName = FitTrackerTests;
			productReference = B20000010000000000000002 /* FitTrackerTests.xctest */;
			productType = "com.apple.product-type.bundle.unit-test";
		};
/* End PBXNativeTarget section */

/* Begin PBXProject section */
		A60000010000000000000001 /* Project object */ = {
			isa = PBXProject;
			attributes = {
				BuildIndependentTargetsInParallel = 1;
				LastSwiftUpdateCheck = 1600;
				LastUpgradeCheck = 2620;
				TargetAttributes = {
					A50000010000000000000001 = {
						CreatedOnToolsVersion = 16.0;
					};
				};
			};
			buildConfigurationList = A70000010000000000000002 /* Build configuration list for PBXProject "FitTracker" */;
			compatibilityVersion = "Xcode 14.0";
			developmentRegion = en;
			hasScannedForEncodings = 0;
			knownRegions = (
				en,
				Base,
			);
			mainGroup = A40000010000000000000001;
			packageReferences = (
				FC3000000000000000000001 /* XCRemoteSwiftPackageReference "firebase-ios-sdk" */,
				GG3000000000000000000001 /* XCRemoteSwiftPackageReference "GoogleSignIn-iOS" */,
				SUP0000003000000000000001 /* XCRemoteSwiftPackageReference "supabase-swift" */,
			);
			productRefGroup = A40000010000000000000003 /* Products */;
			projectDirPath = "";
			projectRoot = "";
			targets = (
				A50000010000000000000001 /* FitTracker */,
				B50000010000000000000001 /* FitTrackerTests */,
			);
		};
/* End PBXProject section */

/* Begin PBXResourcesBuildPhase section */
		A30000010000000000000003 /* Resources */ = {
			isa = PBXResourcesBuildPhase;
			buildActionMask = 2147483647;
			files = (
				AS000001000000000000AA01 /* Assets.xcassets in Resources */,
			);
			runOnlyForDeploymentPostprocessing = 0;
		};
		B30000010000000000000003 /* Resources */ = {
			isa = PBXResourcesBuildPhase;
			buildActionMask = 2147483647;
			files = (
			);
			runOnlyForDeploymentPostprocessing = 0;
		};
/* End PBXResourcesBuildPhase section */

/* Begin PBXSourcesBuildPhase section */
		A30000010000000000000002 /* Sources */ = {
			isa = PBXSourcesBuildPhase;
			buildActionMask = 2147483647;
			files = (
				A10000010000000000000001 /* FitTrackerApp.swift in Sources */,
				A10000010000000000000002 /* DomainModels.swift in Sources */,
				A10000010000000000000003 /* TrainingProgramData.swift in Sources */,
				A10000010000000000000004 /* AuthManager.swift in Sources */,
				A10000010000000000000005 /* SignInService.swift in Sources */,
				A10000010000000000000015 /* AuthValidation.swift in Sources */,
				A10000010000000000000006 /* HealthKitService.swift in Sources */,
				A10000010000000000000007 /* CloudKitSyncService.swift in Sources */,
				A10000010000000000000008 /* AppSettings.swift in Sources */,
				111A5E022F64641D006E7013 /* WatchConnectivityService.swift in Sources */,
				111A5E042F64641D006E7013 /* TrainingProgramStore.swift in Sources */,
				111A5E062F64641D006E7013 /* AppTheme.swift in Sources */,
				AC1000000000000000000001 /* AnalyticsProvider.swift in Sources */,
				AC1000000000000000000002 /* AnalyticsScreenModifier.swift in Sources */,
				AC1000000000000000000003 /* AnalyticsService.swift in Sources */,
				AC1000000000000000000004 /* ConsentManager.swift in Sources */,
				AC1000000000000000000005 /* FirebaseAnalyticsAdapter.swift in Sources */,
				AC1000000000000000000006 /* MockAnalyticsAdapter.swift in Sources */,
				AC1000000000000000000007 /* AccountDeletionService.swift in Sources */,
				AC1000000000000000000008 /* DataExportService.swift in Sources */,
				A10000010000000000000009 /* EncryptionService.swift in Sources */,
				AC1000000000000000000009 /* ConsentView.swift in Sources */,
				A1000001000000000000000A /* RootTabView.swift in Sources */,
				HV100000000000000000AA01 /* MainScreenView.swift in Sources */,
				HV100000000000000000AA04 /* ManualBiometricEntry.swift in Sources */,
				HV100000000000000000AA05 /* RecoveryRoutineSheet.swift in Sources */,
				HV100000000000000000AA06 /* SyncStatusIndicator.swift in Sources */,
				HV100000000000000000AA07 /* StatusDropdown.swift in Sources */,
				HV100000000000000000AA08 /* MilestoneModal.swift in Sources */,
				BC100000000000000000AA01 /* BodyCompositionCard.swift in Sources */,
				BC100000000000000000AA02 /* BodyCompositionDetailView.swift in Sources */,
				HV100000000000000000AA03 /* HomeRecommendationProvider.swift in Sources */,
				RE100000000000000000AA01 /* ReadinessEngine.swift in Sources */,
				AI100000000000000000UI01 /* AIInsightCard.swift in Sources */,
				AI100000000000000000UI02 /* AIIntelligenceSheet.swift in Sources */,
				AI100000000000000000UI03 /* AIRecommendationCard.swift in Sources */,
				AI100000000000000000UI04 /* AIFeedbackView.swift in Sources */,
				PF100000000000000000PV01 /* ProfileHeroSection.swift in Sources */,
				PF100000000000000000PV02 /* ProfileBodyCompCard.swift in Sources */,
				PF100000000000000000PV03 /* ProfileView.swift in Sources */,
				PF100000000000000000PV04 /* GoalEditorSheet.swift in Sources */,
				NV100000000000000000AA01 /* NutritionView.swift in Sources */,
				NV100000000000000000AA02 /* SupplementStackCard.swift in Sources */,
				NV100000000000000000AA03 /* SupplementItemRow.swift in Sources */,
				NV100000000000000000AA04 /* ProgressBar.swift in Sources */,
				NV100000000000000000AA05 /* HapticFeedback.swift in Sources */,
				TP100000000000000000AA01 /* TrainingPlanView.swift in Sources */,
				TP100000000000000000AA02 /* ExerciseRowView.swift in Sources */,
				TP100000000000000000AA03 /* SetRowView.swift in Sources */,
				TP100000000000000000AA04 /* RestTimerView.swift in Sources */,
				TP100000000000000000AA05 /* SessionCompletionSheet.swift in Sources */,
				TP100000000000000000AA06 /* FocusModeView.swift in Sources */,
				SV100000000000000000AA01 /* StatsView.swift in Sources */,
				A1000001000000000000000F /* AccountPanelView.swift in Sources */,
				EE000001000000000000AA01 /* SignInView.swift in Sources */,
				EE000001000000000000AA02 /* WelcomeView.swift in Sources */,
				CC000001000000000000AA01 /* ReadinessCard.swift in Sources */,
				CC000001000000000000AA02 /* SectionHeader.swift in Sources */,
				OB100000000000000000AA01 /* OnboardingConsentView.swift in Sources */,
				OB100000000000000000AA02 /* OnboardingFirstActionView.swift in Sources */,
				OB100000000000000000AA03 /* OnboardingGoalsView.swift in Sources */,
				OB100000000000000000AA04 /* OnboardingHealthKitView.swift in Sources */,
				OB100000000000000000AA05 /* OnboardingProfileView.swift in Sources */,
				OB100000000000000000AA06 /* OnboardingProgressBar.swift in Sources */,
				OB100000000000000000AA07 /* OnboardingView.swift in Sources */,
				OB100000000000000000AA08 /* OnboardingWelcomeView.swift in Sources */,
				CC000001000000000000AA03 /* StatusBadge.swift in Sources */,
				CC000001000000000000AA04 /* MetricCard.swift in Sources */,
				CC000001000000000000AA05 /* TrendIndicator.swift in Sources */,
				CC000001000000000000AA06 /* ChartCard.swift in Sources */,
				CC000001000000000000AA07 /* EmptyStateView.swift in Sources */,
				CC000001000000000000AA08 /* StatsDataHelpers.swift in Sources */,
				CC000001000000000000AA09 /* MacroTargetBar.swift in Sources */,
				CC000001000000000000AA0A /* MealSectionView.swift in Sources */,
				CC000001000000000000AA0B /* MealEntrySheet.swift in Sources */,
				CC000001000000000000AA0C /* RecoverySupport.swift in Sources */,
				AC1000000000000000000010 /* DeleteAccountView.swift in Sources */,
				AC1000000000000000000011 /* ExportDataView.swift in Sources */,
				SE100000000000000000AA01 /* SettingsView.swift in Sources */,
				DD000001000000000000AA01 /* AppDesignSystemComponents.swift in Sources */,
				DD000001000000000000AA02 /* DesignSystemCatalogView.swift in Sources */,
				DS000001000000000000AA01 /* AppPalette.swift in Sources */,
				DS000001000000000000AA02 /* DesignTokens.swift in Sources */,
				DS000001000000000000AA03 /* AppMotion.swift in Sources */,
				FF000001000000000000AA01 /* FitMeLogoLoader.swift in Sources */,
				FF000001000000000000AA02 /* LiveInfoStrip.swift in Sources */,
				DS000001000000000000AA04 /* AppIcon.swift in Sources */,
				DS000001000000000000AA05 /* AppViewModifiers.swift in Sources */,
				DS000001000000000000AA06 /* AppComponents.swift in Sources */,
				AI100000000000000000AAA1 /* AITypes.swift in Sources */,
				AI100000000000000000AAA2 /* AIEngineClient.swift in Sources */,
				AI100000000000000000AAA3 /* FoundationModelService.swift in Sources */,
				AI100000000000000000AAA4 /* AIOrchestrator.swift in Sources */,
				AI100000000000000000AAA5 /* AISnapshotBuilder.swift in Sources */,
				FB1000001000000000000001 /* SupabaseClient.swift in Sources */,
				FB1000001000000000000002 /* SupabaseSyncService.swift in Sources */,
				FB1000001000000000000003 /* UserSession+Supabase.swift in Sources */,
				FB1000001000000000000004 /* FTAuthError.swift in Sources */,
				FB1000001000000000000005 /* SupabaseAppleAuthProvider.swift in Sources */,
				11B09D2B2F852AEF00DCB9A0 /* FitMeBrandIcon.swift in Sources */,
				FB1000001000000000000006 /* EmailAuthProvider.swift in Sources */,
				FB1000001000000000000007 /* Date+Sync.swift in Sources */,
				GG1000001000000000000001 /* GoogleAuthProvider.swift in Sources */,
			
				B6A594D637D8445F86E87597 /* AIInputAdapter.swift in Sources */,
				8287618AAA1A42A6A6AC9EB9 /* ProfileAdapter.swift in Sources */,
				4402BE1063EE4A5EBF17F2A6 /* HealthKitAdapter.swift in Sources */,
				98DFF4A40C424A3E9B71560F /* TrainingAdapter.swift in Sources */,
				64DBA30CC1584CA6928F2F1C /* NutritionAdapter.swift in Sources */,
				6CE2745F57FD4DE3B57B14A9 /* GoalProfile.swift in Sources */,
				4EBF9208E18548B3B009001A /* ValidatedRecommendation.swift in Sources */,
				79436AA165D54D94937D68A8 /* RecommendationMemory.swift in Sources */,
				74FEAE525F4C445790103F37 /* OnboardingAuthView.swift in Sources */,
				3BBF99D4179A46DB8134FE2E /* OnboardingSuccessView.swift in Sources */,);
			runOnlyForDeploymentPostprocessing = 0;
		};
		B30000010000000000000002 /* Sources */ = {
			isa = PBXSourcesBuildPhase;
			buildActionMask = 2147483647;
			files = (
				B10000010000000000000001 /* FitTrackerCoreTests.swift in Sources */,
				HA100000000000000000001 /* AnalyticsTests.swift in Sources */,
				HA100000000000000000002 /* HomeAnalyticsTests.swift in Sources */,
				TA100000000000000000001 /* TrainingAnalyticsTests.swift in Sources */,
				NA100000000000000000001 /* NutritionAnalyticsTests.swift in Sources */,
				SA100000000000000000001 /* StatsAnalyticsTests.swift in Sources */,
				SE100000000000000000AB01 /* SettingsAnalyticsTests.swift in Sources */,
				RE100000000000000000AT01 /* ReadinessEngineTests.swift in Sources */,
				AI100000000000000000AT01 /* AIAnalyticsTests.swift in Sources */,
				PF100000000000000000AT01 /* ProfileAnalyticsTests.swift in Sources */,
				EV100000000000000000ET01 /* ReadinessFormulaEvals.swift in Sources */,
				EV100000000000000000ET02 /* AIOutputQualityEvals.swift in Sources */,
				EV100000000000000000ET03 /* AITierBehaviorEvals.swift in Sources */,
				EV100000000000000000ET04 /* ProfileEvals.swift in Sources */,
				FT1000001000000000000001 /* UserSessionMappingTests.swift in Sources */,
				FT1000001000000000000002 /* SyncMergeTests.swift in Sources */,
				FT1000001000000000000003 /* SupabaseClientTests.swift in Sources */,
			);
			runOnlyForDeploymentPostprocessing = 0;
		};
/* End PBXSourcesBuildPhase section */

/* Begin PBXTargetDependency section */
		B80000010000000000000001 /* PBXTargetDependency */ = {
			isa = PBXTargetDependency;
			target = A50000010000000000000001 /* FitTracker */;
			targetProxy = B60000010000000000000001 /* PBXContainerItemProxy */;
		};
/* End PBXTargetDependency section */

/* Begin XCBuildConfiguration section */
		A80000010000000000000001 /* Debug */ = {
			isa = XCBuildConfiguration;
			buildSettings = {
				ALWAYS_SEARCH_USER_PATHS = NO;
				CLANG_ENABLE_MODULES = YES;
				CLANG_ENABLE_OBJC_ARC = YES;
				CLANG_WARN_BLOCK_CAPTURE_AUTORELEASING = YES;
				CLANG_WARN_BOOL_CONVERSION = YES;
				CLANG_WARN_COMMA = YES;
				CLANG_WARN_CONSTANT_CONVERSION = YES;
				CLANG_WARN_DEPRECATED_OBJC_IMPLEMENTATIONS = YES;
				CLANG_WARN_EMPTY_BODY = YES;
				CLANG_WARN_ENUM_CONVERSION = YES;
				CLANG_WARN_INFINITE_RECURSION = YES;
				CLANG_WARN_INT_CONVERSION = YES;
				CLANG_WARN_NON_LITERAL_NULL_CONVERSION = YES;
				CLANG_WARN_OBJC_IMPLICIT_RETAIN_SELF = YES;
				CLANG_WARN_OBJC_LITERAL_CONVERSION = YES;
				CLANG_WARN_QUOTED_INCLUDE_IN_FRAMEWORK_HEADER = YES;
				CLANG_WARN_RANGE_LOOP_ANALYSIS = YES;
				CLANG_WARN_STRICT_PROTOTYPES = YES;
				CLANG_WARN_SUSPICIOUS_MOVE = YES;
				CLANG_WARN_UNREACHABLE_CODE = YES;
				CLANG_WARN__DUPLICATE_METHOD_MATCH = YES;
				COPY_PHASE_STRIP = NO;
				DEBUG_INFORMATION_FORMAT = dwarf;
				ENABLE_STRICT_OBJC_MSGSEND = YES;
				ENABLE_TESTABILITY = YES;
				ENABLE_USER_SCRIPT_SANDBOXING = YES;
				GCC_C_LANGUAGE_STANDARD = gnu17;
				GCC_DYNAMIC_NO_PIC = NO;
				GCC_NO_COMMON_BLOCKS = YES;
				GCC_OPTIMIZATION_LEVEL = 0;
				GCC_PREPROCESSOR_DEFINITIONS = (
					"DEBUG=1",
					"$(inherited)",
				);
				GCC_WARN_64_TO_32_BIT_CONVERSION = YES;
				GCC_WARN_ABOUT_RETURN_TYPE = YES;
				GCC_WARN_UNDECLARED_SELECTOR = YES;
				GCC_WARN_UNINITIALIZED_AUTOS = YES;
				GCC_WARN_UNUSED_FUNCTION = YES;
				GCC_WARN_UNUSED_VARIABLE = YES;
				IPHONEOS_DEPLOYMENT_TARGET = 17.0;
				ONLY_ACTIVE_ARCH = YES;
				SDKROOT = iphoneos;
				STRING_CATALOG_GENERATE_SYMBOLS = YES;
				SWIFT_ACTIVE_COMPILATION_CONDITIONS = DEBUG;
				SWIFT_OPTIMIZATION_LEVEL = "-Onone";
			};
			name = Debug;
		};
		A80000010000000000000002 /* Release */ = {
			isa = XCBuildConfiguration;
			buildSettings = {
				ALWAYS_SEARCH_USER_PATHS = NO;
				CLANG_ENABLE_MODULES = YES;
				CLANG_ENABLE_OBJC_ARC = YES;
				CLANG_WARN_BLOCK_CAPTURE_AUTORELEASING = YES;
				CLANG_WARN_BOOL_CONVERSION = YES;
				CLANG_WARN_COMMA = YES;
				CLANG_WARN_CONSTANT_CONVERSION = YES;
				CLANG_WARN_DEPRECATED_OBJC_IMPLEMENTATIONS = YES;
				CLANG_WARN_EMPTY_BODY = YES;
				CLANG_WARN_ENUM_CONVERSION = YES;
				CLANG_WARN_INFINITE_RECURSION = YES;
				CLANG_WARN_INT_CONVERSION = YES;
				CLANG_WARN_NON_LITERAL_NULL_CONVERSION = YES;
				CLANG_WARN_OBJC_IMPLICIT_RETAIN_SELF = YES;
				CLANG_WARN_OBJC_LITERAL_CONVERSION = YES;
				CLANG_WARN_QUOTED_INCLUDE_IN_FRAMEWORK_HEADER = YES;
				CLANG_WARN_RANGE_LOOP_ANALYSIS = YES;
				CLANG_WARN_STRICT_PROTOTYPES = YES;
				CLANG_WARN_SUSPICIOUS_MOVE = YES;
				CLANG_WARN_UNREACHABLE_CODE = YES;
				CLANG_WARN__DUPLICATE_METHOD_MATCH = YES;
				COPY_PHASE_STRIP = NO;
				DEBUG_INFORMATION_FORMAT = "dwarf-with-dsym";
				ENABLE_NS_ASSERTIONS = NO;
				ENABLE_STRICT_OBJC_MSGSEND = YES;
				ENABLE_USER_SCRIPT_SANDBOXING = YES;
				GCC_C_LANGUAGE_STANDARD = gnu17;
				GCC_NO_COMMON_BLOCKS = YES;
				GCC_WARN_64_TO_32_BIT_CONVERSION = YES;
				GCC_WARN_ABOUT_RETURN_TYPE = YES;
				GCC_WARN_UNDECLARED_SELECTOR = YES;
				GCC_WARN_UNINITIALIZED_AUTOS = YES;
				GCC_WARN_UNUSED_FUNCTION = YES;
				GCC_WARN_UNUSED_VARIABLE = YES;
				IPHONEOS_DEPLOYMENT_TARGET = 17.0;
				SDKROOT = iphoneos;
				STRING_CATALOG_GENERATE_SYMBOLS = YES;
				SWIFT_COMPILATION_MODE = wholemodule;
				SWIFT_OPTIMIZATION_LEVEL = "-O";
			};
			name = Release;
		};
		A80000010000000000000003 /* Debug */ = {
			isa = XCBuildConfiguration;
			buildSettings = {
				CODE_SIGN_ENTITLEMENTS = FitTracker/FitTracker.entitlements;
				CODE_SIGN_STYLE = Automatic;
				CURRENT_PROJECT_VERSION = 2;
				DEVELOPMENT_TEAM = "";
				ENABLE_APP_SANDBOX = YES;
				ENABLE_OUTGOING_NETWORK_CONNECTIONS = YES;
				GENERATE_INFOPLIST_FILE = NO;
				INFOPLIST_FILE = FitTracker/Info.plist;
				INFOPLIST_KEY_LSApplicationCategoryType = "public.app-category.healthcare-fitness";
				IPHONEOS_DEPLOYMENT_TARGET = 17.0;
				LD_RUNPATH_SEARCH_PATHS = (
					"$(inherited)",
					"@executable_path/Frameworks",
				);
				MARKETING_VERSION = 2.0;
				PRODUCT_BUNDLE_IDENTIFIER = com.fittracker.regev;
				PRODUCT_NAME = "$(TARGET_NAME)";
				SUPPORTED_PLATFORMS = "iphonesimulator iphoneos";
				SWIFT_EMIT_LOC_STRINGS = YES;
				SWIFT_VERSION = 5.0;
				TARGETED_DEVICE_FAMILY = "1,2";
			};
			name = Debug;
		};
		A80000010000000000000004 /* Release */ = {
			isa = XCBuildConfiguration;
			buildSettings = {
				CODE_SIGN_ENTITLEMENTS = FitTracker/FitTracker.entitlements;
				CODE_SIGN_STYLE = Automatic;
				CURRENT_PROJECT_VERSION = 2;
				DEVELOPMENT_TEAM = "";
				ENABLE_APP_SANDBOX = YES;
				ENABLE_OUTGOING_NETWORK_CONNECTIONS = YES;
				GENERATE_INFOPLIST_FILE = NO;
				INFOPLIST_FILE = FitTracker/Info.plist;
				INFOPLIST_KEY_LSApplicationCategoryType = "public.app-category.healthcare-fitness";
				IPHONEOS_DEPLOYMENT_TARGET = 17.0;
				LD_RUNPATH_SEARCH_PATHS = (
					"$(inherited)",
					"@executable_path/Frameworks",
				);
				MARKETING_VERSION = 2.0;
				PRODUCT_BUNDLE_IDENTIFIER = com.fittracker.regev;
				PRODUCT_NAME = "$(TARGET_NAME)";
				SUPPORTED_PLATFORMS = "iphonesimulator iphoneos";
				SWIFT_EMIT_LOC_STRINGS = YES;
				SWIFT_VERSION = 5.0;
				TARGETED_DEVICE_FAMILY = "1,2";
			};
			name = Release;
		};
		B90000010000000000000001 /* Debug */ = {
			isa = XCBuildConfiguration;
			buildSettings = {
				BUNDLE_LOADER = "$(TEST_HOST)";
				CODE_SIGN_STYLE = Automatic;
				CURRENT_PROJECT_VERSION = 1;
				DEVELOPMENT_TEAM = "";
				GENERATE_INFOPLIST_FILE = YES;
				IPHONEOS_DEPLOYMENT_TARGET = 17.0;
				LD_RUNPATH_SEARCH_PATHS = (
					"$(inherited)",
					"@executable_path/Frameworks",
					"@loader_path/Frameworks",
				);
				MARKETING_VERSION = 1.0;
				PRODUCT_BUNDLE_IDENTIFIER = com.fittracker.regev.tests;
				PRODUCT_NAME = "$(TARGET_NAME)";
				SDKROOT = iphoneos;
				SUPPORTED_PLATFORMS = "iphonesimulator iphoneos";
				SWIFT_VERSION = 5.0;
				TARGETED_DEVICE_FAMILY = "1,2";
				TEST_HOST = "$(BUILT_PRODUCTS_DIR)/FitTracker.app/FitTracker";
			};
			name = Debug;
		};
		B90000010000000000000002 /* Release */ = {
			isa = XCBuildConfiguration;
			buildSettings = {
				BUNDLE_LOADER = "$(TEST_HOST)";
				CODE_SIGN_STYLE = Automatic;
				CURRENT_PROJECT_VERSION = 1;
				DEVELOPMENT_TEAM = "";
				GENERATE_INFOPLIST_FILE = YES;
				IPHONEOS_DEPLOYMENT_TARGET = 17.0;
				LD_RUNPATH_SEARCH_PATHS = (
					"$(inherited)",
					"@executable_path/Frameworks",
					"@loader_path/Frameworks",
				);
				MARKETING_VERSION = 1.0;
				PRODUCT_BUNDLE_IDENTIFIER = com.fittracker.regev.tests;
				PRODUCT_NAME = "$(TARGET_NAME)";
				SDKROOT = iphoneos;
				SUPPORTED_PLATFORMS = "iphonesimulator iphoneos";
				SWIFT_VERSION = 5.0;
				TARGETED_DEVICE_FAMILY = "1,2";
				TEST_HOST = "$(BUILT_PRODUCTS_DIR)/FitTracker.app/FitTracker";
			};
			name = Release;
		};
/* End XCBuildConfiguration section */

/* Begin XCConfigurationList section */
		A70000010000000000000001 /* Build configuration list for PBXNativeTarget "FitTracker" */ = {
			isa = XCConfigurationList;
			buildConfigurations = (
				A80000010000000000000003 /* Debug */,
				A80000010000000000000004 /* Release */,
			);
			defaultConfigurationIsVisible = 0;
			defaultConfigurationName = Release;
		};
		A70000010000000000000002 /* Build configuration list for PBXProject "FitTracker" */ = {
			isa = XCConfigurationList;
			buildConfigurations = (
				A80000010000000000000001 /* Debug */,
				A80000010000000000000002 /* Release */,
			);
			defaultConfigurationIsVisible = 0;
			defaultConfigurationName = Release;
		};
		B70000010000000000000001 /* Build configuration list for PBXNativeTarget "FitTrackerTests" */ = {
			isa = XCConfigurationList;
			buildConfigurations = (
				B90000010000000000000001 /* Debug */,
				B90000010000000000000002 /* Release */,
			);
			defaultConfigurationIsVisible = 0;
			defaultConfigurationName = Release;
		};
/* End XCConfigurationList section */

/* Begin XCRemoteSwiftPackageReference section */
		FC3000000000000000000001 /* XCRemoteSwiftPackageReference "firebase-ios-sdk" */ = {
			isa = XCRemoteSwiftPackageReference;
			repositoryURL = "https://github.com/firebase/firebase-ios-sdk";
			requirement = {
				kind = upToNextMajorVersion;
				minimumVersion = 11.0.0;
			};
		};
		GG3000000000000000000001 /* XCRemoteSwiftPackageReference "GoogleSignIn-iOS" */ = {
			isa = XCRemoteSwiftPackageReference;
			repositoryURL = "https://github.com/google/GoogleSignIn-iOS";
			requirement = {
				kind = upToNextMajorVersion;
				minimumVersion = 8.0.0;
			};
		};
		SUP0000003000000000000001 /* XCRemoteSwiftPackageReference "supabase-swift" */ = {
			isa = XCRemoteSwiftPackageReference;
			repositoryURL = "https://github.com/supabase-community/supabase-swift";
			requirement = {
				kind = upToNextMajorVersion;
				minimumVersion = 2.5.1;
			};
		};
/* End XCRemoteSwiftPackageReference section */

/* Begin XCSwiftPackageProductDependency section */
		FC2000000000000000000001 /* FirebaseCore */ = {
			isa = XCSwiftPackageProductDependency;
			package = FC3000000000000000000001 /* XCRemoteSwiftPackageReference "firebase-ios-sdk" */;
			productName = FirebaseCore;
		};
		FC2000000000000000000002 /* FirebaseAnalytics */ = {
			isa = XCSwiftPackageProductDependency;
			package = FC3000000000000000000001 /* XCRemoteSwiftPackageReference "firebase-ios-sdk" */;
			productName = FirebaseAnalytics;
		};
		GG2000000000000000000001 /* GoogleSignIn */ = {
			isa = XCSwiftPackageProductDependency;
			package = GG3000000000000000000001 /* XCRemoteSwiftPackageReference "GoogleSignIn-iOS" */;
			productName = GoogleSignIn;
		};
		SUP0000002000000000000001 /* Supabase */ = {
			isa = XCSwiftPackageProductDependency;
			package = SUP0000003000000000000001 /* XCRemoteSwiftPackageReference "supabase-swift" */;
			productName = Supabase;
		};
/* End XCSwiftPackageProductDependency section */
	};
	rootObject = A60000010000000000000001 /* Project object */;
}
